<?xml version="1.0" encoding="utf-8"?>
<Project ToolsVersion="4.0" xmlns="http://schemas.microsoft.com/developer/msbuild/2003">
  <ItemGroup>
    <Filter Include="kxf-compression">
      <UniqueIdentifier>{b754c7f1-7cfc-4648-b498-fd9750d8b242}</UniqueIdentifier>
    </Filter>
    <Filter Include="kxf-compression/+PCH">
      <UniqueIdentifier>{41eede33-8691-4162-8bf6-d3e5c13b4a89}</UniqueIdentifier>
    </Filter>
    <Filter Include="kxf-compression/+Resources">
      <UniqueIdentifier>{0ca53471-4645-42d9-a8a6-7201d33f4451}</UniqueIdentifier>
    </Filter>
    <Filter Include="kxf">
      <UniqueIdentifier>{195735c6-056c-4db8-ba50-ea27daffe07f}</UniqueIdentifier>
    </Filter>
    <Filter Include="kxf\Compression">
      <UniqueIdentifier>{c49ab0d9-d79a-49df-8b1a-541f4111a3b3}</UniqueIdentifier>
    </Filter>
    <Filter Include="kxf\Compression\SevenZip">
      <UniqueIdentifier>{134a09c5-587e-4c3b-b03c-538e012b2a06}</UniqueIdentifier>
    </Filter>
    <Filter Include="kxf\Compression\SevenZip\Private">
      <UniqueIdentifier>{ea5e172e-7093-43d6-b329-2642f05774c2}</UniqueIdentifier>
    </Filter>
    <Filter Include="kxf\Compression\SevenZip\Private\&lt;Callbacks&gt;">
      <UniqueIdentifier>{7a41bdc0-db42-4129-8273-15318cc350f7}</UniqueIdentifier>
    </Filter>
    <Filter Include="kxf\Compression\SevenZip\Private\&lt;Streams&gt;">
      <UniqueIdentifier>{9cd76d6e-7ddf-466b-a442-843ab4690fb4}</UniqueIdentifier>
    </Filter>
  </ItemGroup>
  <ItemGroup>
    <ClInclude Include="kxf-compression\pch.hpp">
      <Filter>kxf-compression</Filter>
    </ClInclude>
    <ClInclude Include="kxf-compression\+PCH\kxf-pch.h">
      <Filter>kxf-compression/+PCH</Filter>
    </ClInclude>
    <ClInclude Include="kxf-compression\Common.hpp">
      <Filter>kxf-compression</Filter>
    </ClInclude>
    <ClInclude Include="kxf-compression\+Resources\kxf-resources.h">
      <Filter>kxf-compression/+Resources</Filter>
    </ClInclude>
    <ClInclude Include="kxf\Compression\SevenZip\Archive.h">
      <Filter>kxf\Compression\SevenZip</Filter>
    </ClInclude>
    <ClInclude Include="kxf\Compression\SevenZip\Common.h">
      <Filter>kxf\Compression\SevenZip</Filter>
    </ClInclude>
    <ClInclude Include="kxf\Compression\SevenZip\Library.h">
      <Filter>kxf\Compression\SevenZip</Filter>
    </ClInclude>
    <ClInclude Include="kxf\Compression\SevenZip\Private\GUIDs.h">
      <Filter>kxf\Compression\SevenZip\Private</Filter>
    </ClInclude>
    <ClInclude Include="kxf\Compression\SevenZip\Private\PasswordHandler.h">
      <Filter>kxf\Compression\SevenZip\Private</Filter>
    </ClInclude>
    <ClInclude Include="kxf\Compression\SevenZip\Private\Utility.h">
      <Filter>kxf\Compression\SevenZip\Private</Filter>
    </ClInclude>
    <ClInclude Include="kxf\Compression\SevenZip\Private\WithEvtHandler.h">
      <Filter>kxf\Compression\SevenZip\Private</Filter>
    </ClInclude>
    <ClInclude Include="kxf\Compression\SevenZip\Private\ArchiveExtractCallback.h">
      <Filter>kxf\Compression\SevenZip\Private\&lt;Callbacks&gt;</Filter>
    </ClInclude>
    <ClInclude Include="kxf\Compression\SevenZip\Private\ArchiveOpenCallback.h">
      <Filter>kxf\Compression\SevenZip\Private\&lt;Callbacks&gt;</Filter>
    </ClInclude>
    <ClInclude Include="kxf\Compression\SevenZip\Private\ArchiveUpdateCallback.h">
      <Filter>kxf\Compression\SevenZip\Private\&lt;Callbacks&gt;</Filter>
    </ClInclude>
    <ClInclude Include="kxf\Compression\SevenZip\Private\InStreamWrapper.h">
      <Filter>kxf\Compression\SevenZip\Private\&lt;Streams&gt;</Filter>
    </ClInclude>
    <ClInclude Include="kxf\Compression\SevenZip\Private\OutStreamWrapper.h">
      <Filter>kxf\Compression\SevenZip\Private\&lt;Streams&gt;</Filter>
    </ClInclude>
    <ClInclude Include="kxf\Compression\ArchiveEvent.h">
      <Filter>kxf\Compression</Filter>
    </ClInclude>
    <ClInclude Include="kxf\Compression\IArchive.h">
      <Filter>kxf\Compression</Filter>
    </ClInclude>
    <ClInclude Include="kxf\Compression\IArchiveCallbacks.h">
      <Filter>kxf\Compression</Filter>
    </ClInclude>
    <ClInclude Include="kxf\Compression\LZ4Stream.h">
      <Filter>kxf\Compression</Filter>
    </ClInclude>
    <ClInclude Include="kxf\Compression\SevenZip.h">
      <Filter>kxf\Compression</Filter>
    </ClInclude>
    <ClInclude Include="kxf\Compression\ZLibStream.h">
      <Filter>kxf\Compression</Filter>
    </ClInclude>
    <ClInclude Include="kxf\Compression\Common.h">
      <Filter>kxf\Compression</Filter>
    </ClInclude>
    <ClInclude Include="kxf\Compression\Compression.h">
      <Filter>kxf\Compression</Filter>
    </ClInclude>
  </ItemGroup>
  <ItemGroup>
    <ClCompile Include="kxf-compression\+PCH\kxf-pch.cpp">
      <Filter>kxf-compression/+PCH</Filter>
    </ClCompile>
    <ClCompile Include="kxf\Compression\SevenZip\Archive.cpp">
      <Filter>kxf\Compression\SevenZip</Filter>
    </ClCompile>
    <ClCompile Include="kxf\Compression\SevenZip\Common.cpp">
      <Filter>kxf\Compression\SevenZip</Filter>
    </ClCompile>
    <ClCompile Include="kxf\Compression\SevenZip\Library.cpp">
      <Filter>kxf\Compression\SevenZip</Filter>
    </ClCompile>
    <ClCompile Include="kxf\Compression\SevenZip\Private\PasswordHandler.cpp">
      <Filter>kxf\Compression\SevenZip\Private</Filter>
    </ClCompile>
    <ClCompile Include="kxf\Compression\SevenZip\Private\Utility.cpp">
      <Filter>kxf\Compression\SevenZip\Private</Filter>
    </ClCompile>
    <ClCompile Include="kxf\Compression\SevenZip\Private\ArchiveExtractCallback.cpp">
      <Filter>kxf\Compression\SevenZip\Private\&lt;Callbacks&gt;</Filter>
    </ClCompile>
    <ClCompile Include="kxf\Compression\SevenZip\Private\ArchiveOpenCallback.cpp">
      <Filter>kxf\Compression\SevenZip\Private\&lt;Callbacks&gt;</Filter>
    </ClCompile>
    <ClCompile Include="kxf\Compression\SevenZip\Private\ArchiveUpdateCallback.cpp">
      <Filter>kxf\Compression\SevenZip\Private\&lt;Callbacks&gt;</Filter>
    </ClCompile>
    <ClCompile Include="kxf\Compression\SevenZip\Private\InStreamWrapper.cpp">
      <Filter>kxf\Compression\SevenZip\Private\&lt;Streams&gt;</Filter>
    </ClCompile>
    <ClCompile Include="kxf\Compression\SevenZip\Private\OutStreamWrapper.cpp">
      <Filter>kxf\Compression\SevenZip\Private\&lt;Streams&gt;</Filter>
    </ClCompile>
    <ClCompile Include="kxf\Compression\LZ4Stream.cpp">
      <Filter>kxf\Compression</Filter>
    </ClCompile>
    <ClCompile Include="kxf\Compression\ZLibStream.cpp">
      <Filter>kxf\Compression</Filter>
    </ClCompile>
  </ItemGroup>
  <ItemGroup>
    <ResourceCompile Include="kxf-compression\+Resources\kxf-resources.rc">
      <Filter>kxf-compression/+Resources</Filter>
    </ResourceCompile>
  </ItemGroup>
</Project>