<?xml version="1.0" encoding="utf-8"?>
<Project ToolsVersion="4.0" xmlns="http://schemas.microsoft.com/developer/msbuild/2003">
  <ItemGroup>
    <Filter Include="kxf">
      <UniqueIdentifier>{b754c7f1-7cfc-4648-b498-fd9750d8b242}</UniqueIdentifier>
    </Filter>
    <Filter Include="kxf\Threading">
      <UniqueIdentifier>{ccbec7f3-86f7-4bda-acbe-9a8176c4626d}</UniqueIdentifier>
    </Filter>
    <Filter Include="kxf\EventSystem">
      <UniqueIdentifier>{92dd9a25-4dd3-43b6-93d2-2e7e3aca0fee}</UniqueIdentifier>
    </Filter>
    <Filter Include="kxf\Utility">
      <UniqueIdentifier>{52fc7bb7-70b1-4c6a-bf5f-529badf3d413}</UniqueIdentifier>
    </Filter>
    <Filter Include="kxf\RTTI">
      <UniqueIdentifier>{9f4d2d8d-8aa1-4b1f-a11f-51ca03f6bba8}</UniqueIdentifier>
    </Filter>
    <Filter Include="kxf\FileSystem">
      <UniqueIdentifier>{a95e1a0b-7728-4fee-bdea-a3a34c440c70}</UniqueIdentifier>
    </Filter>
    <Filter Include="kxf\Core">
      <UniqueIdentifier>{7777f244-e0e6-49ac-b259-199b1aed7a28}</UniqueIdentifier>
    </Filter>
    <Filter Include="kxf\Compression">
      <UniqueIdentifier>{1ffb3494-f392-4267-b778-6c908ff721ea}</UniqueIdentifier>
    </Filter>
    <Filter Include="kxf\FileSystem\Private">
      <UniqueIdentifier>{8d4abda0-ae07-4c67-8215-582952c35bd2}</UniqueIdentifier>
    </Filter>
    <Filter Include="kxf\Core\Private">
      <UniqueIdentifier>{9bddb8ad-b98d-4558-90ae-2b5b7048b860}</UniqueIdentifier>
    </Filter>
    <Filter Include="kxf\Network">
      <UniqueIdentifier>{503679ad-0476-4a11-beb0-ba123ce47580}</UniqueIdentifier>
    </Filter>
    <Filter Include="kxf\Drawing">
      <UniqueIdentifier>{fbcc6e41-fe9c-453d-967a-8c07c5a548f6}</UniqueIdentifier>
    </Filter>
    <Filter Include="kxf\Drawing\Private">
      <UniqueIdentifier>{d0521874-4a25-4cdf-b542-c5159ced03de}</UniqueIdentifier>
    </Filter>
    <Filter Include="kxf\Compression\SevenZip">
      <UniqueIdentifier>{e925ebf1-8615-496c-8539-4d57df6010b2}</UniqueIdentifier>
    </Filter>
    <Filter Include="kxf\Compression\SevenZip\Private">
      <UniqueIdentifier>{3e4e5918-a4e0-4d0e-8dd9-d971bab2c7f2}</UniqueIdentifier>
    </Filter>
    <Filter Include="kxf\Compression\SevenZip\Private\&lt;Callbacks&gt;">
      <UniqueIdentifier>{cefcf3af-f989-4dca-bbb8-ae79f80f2972}</UniqueIdentifier>
    </Filter>
    <Filter Include="kxf\Compression\SevenZip\Private\&lt;Streams&gt;">
      <UniqueIdentifier>{4cd40067-8aaf-42f0-9ad0-fa76e583456c}</UniqueIdentifier>
    </Filter>
    <Filter Include="kxf\IO">
      <UniqueIdentifier>{de7b204d-217c-4b3d-ac55-74c08fc3930b}</UniqueIdentifier>
    </Filter>
    <Filter Include="kxf\Serialization">
      <UniqueIdentifier>{f34bfbbf-c4d4-44d9-aae9-1a5044feca3c}</UniqueIdentifier>
    </Filter>
    <Filter Include="kxf\Serialization\HTML">
      <UniqueIdentifier>{181171dd-f685-4fc8-9aba-d64337ce9a34}</UniqueIdentifier>
    </Filter>
    <Filter Include="kxf\Serialization\XML">
      <UniqueIdentifier>{9f7a3a06-47af-45d2-aa9c-9ca3dbb2ee68}</UniqueIdentifier>
    </Filter>
    <Filter Include="kxf\Serialization\INI">
      <UniqueIdentifier>{ea84b5da-f198-4366-b3ea-6f2322d241eb}</UniqueIdentifier>
    </Filter>
    <Filter Include="kxf\Serialization\JSON">
      <UniqueIdentifier>{8a0ddea9-a858-424b-82e0-7cc061bc45e6}</UniqueIdentifier>
    </Filter>
    <Filter Include="kxf\Serialization\Private">
      <UniqueIdentifier>{f74a3b57-ecbc-4712-8534-722a35d34c99}</UniqueIdentifier>
    </Filter>
    <Filter Include="kxf\Serialization\HTML\Private">
      <UniqueIdentifier>{a45b3a1c-bccb-4efd-92c2-acbf00400b7b}</UniqueIdentifier>
    </Filter>
    <Filter Include="kxf\Serialization\XML\Private">
      <UniqueIdentifier>{47ee576b-53f3-4dcb-9ad0-30fad244c27d}</UniqueIdentifier>
    </Filter>
    <Filter Include="kxf\EventSystem\Private">
      <UniqueIdentifier>{e7c63a0b-034c-4708-8a62-fc4a638ddd39}</UniqueIdentifier>
    </Filter>
    <Filter Include="kxf\EventSystem\&lt;Events&gt;">
      <UniqueIdentifier>{2dfd2894-0e32-4b6c-b500-91d335aaf7b3}</UniqueIdentifier>
    </Filter>
    <Filter Include="kxf\Application">
      <UniqueIdentifier>{356e3ec5-ad3c-4ca0-b603-1fda76f8610a}</UniqueIdentifier>
    </Filter>
    <Filter Include="kxf\Application\Private">
      <UniqueIdentifier>{3db6fd7c-0ce9-430a-951d-f57a0c9b7fad}</UniqueIdentifier>
    </Filter>
    <Filter Include="kxf\Log">
      <UniqueIdentifier>{3e786109-f51a-4653-8566-c33d43e122c7}</UniqueIdentifier>
    </Filter>
    <Filter Include="kxf\Network\CURLWebSession">
      <UniqueIdentifier>{7a962409-a4c6-438c-bc0a-e182899e59fb}</UniqueIdentifier>
    </Filter>
    <Filter Include="kxf\Network\WebRequest">
      <UniqueIdentifier>{d232eef0-6ea2-41d3-93ee-3ac028409b02}</UniqueIdentifier>
    </Filter>
    <Filter Include="kxf\Network\Private">
      <UniqueIdentifier>{3ed4aa7f-83d3-4b24-8e42-244d3ab51af7}</UniqueIdentifier>
    </Filter>
    <Filter Include="kxf\Network\WSPPWebSession">
      <UniqueIdentifier>{81faf50f-5e4d-4d78-bb14-cc0847031b43}</UniqueIdentifier>
    </Filter>
    <Filter Include="kxf\RPC">
      <UniqueIdentifier>{a0aa2b7d-a31f-46f5-83a7-3816b8156f52}</UniqueIdentifier>
    </Filter>
    <Filter Include="kxf\RPC\Private">
      <UniqueIdentifier>{3df1126d-0165-4820-877a-4a8072cc6c5b}</UniqueIdentifier>
    </Filter>
    <Filter Include="kxf\Log\Private">
      <UniqueIdentifier>{3cb0f35f-aa0a-4fd7-a98d-2a50367f82d8}</UniqueIdentifier>
    </Filter>
    <Filter Include="kxf\Localization">
      <UniqueIdentifier>{78fcd35b-5cf3-4408-b0d1-c3feaddb2f37}</UniqueIdentifier>
    </Filter>
    <Filter Include="kxf\Localization\Private">
      <UniqueIdentifier>{11dc96d7-85e1-4fc8-bdc8-d72ddfd34013}</UniqueIdentifier>
    </Filter>
    <Filter Include="kxf\Core\EncodingConverter">
      <UniqueIdentifier>{591d0480-be16-47b2-823a-1e8a96381fc5}</UniqueIdentifier>
    </Filter>
    <Filter Include="kxf\RPC\SystemWindowRPC">
      <UniqueIdentifier>{2ae2a498-94a3-4520-93d4-da77b10e506e}</UniqueIdentifier>
    </Filter>
    <Filter Include="kxf\RPC\SystemWindowRPC\Private">
      <UniqueIdentifier>{53b238d9-cabf-4299-8bec-89b76eccf45d}</UniqueIdentifier>
    </Filter>
    <Filter Include="kxf\Core\&lt;VariableCollection&gt;">
      <UniqueIdentifier>{296a9365-2720-436b-a4ca-76511e4a0ea6}</UniqueIdentifier>
    </Filter>
    <Filter Include="kxf\System">
      <UniqueIdentifier>{7b228bc2-9ef1-4a57-ad08-f8ed2e2297f8}</UniqueIdentifier>
    </Filter>
    <Filter Include="kxf\System\Private">
      <UniqueIdentifier>{01514fbc-31c6-49d0-9360-d06809164ea6}</UniqueIdentifier>
    </Filter>
    <Filter Include="kxf\System\SystemProcess">
      <UniqueIdentifier>{a47c3ad0-99a9-47ac-abb2-cebc2abc27b9}</UniqueIdentifier>
    </Filter>
    <Filter Include="kxf\System\SystemThread">
      <UniqueIdentifier>{2dd77d05-df15-42f6-a037-e93590f9a9ab}</UniqueIdentifier>
    </Filter>
    <Filter Include="kxf\System\SystemWindow">
      <UniqueIdentifier>{9ad2b5d1-4bd5-4da5-a707-c0d0f3ee2bbc}</UniqueIdentifier>
    </Filter>
    <Filter Include="kxf\System\&lt;ErrorCode&gt;">
      <UniqueIdentifier>{867c4c86-fa9e-42c4-8264-55ac6310fd50}</UniqueIdentifier>
    </Filter>
    <Filter Include="kxf\System\&lt;COM&gt;">
      <UniqueIdentifier>{280188c9-c58a-413b-a216-551df34f6926}</UniqueIdentifier>
    </Filter>
    <Filter Include="kxf\System\&lt;CFunction&gt;">
      <UniqueIdentifier>{814f3257-5f75-49fb-a5e9-c3ab916cb94d}</UniqueIdentifier>
    </Filter>
    <Filter Include="kxf\System\&lt;Shell&gt;">
      <UniqueIdentifier>{0916f0ce-ffd9-4a13-a034-7ae7fab6b19d}</UniqueIdentifier>
    </Filter>
    <Filter Include="kxf\Core\Async">
      <UniqueIdentifier>{d149664c-803b-4509-8cc5-4d7e0accca89}</UniqueIdentifier>
    </Filter>
    <Filter Include="kxf\Core\Async\Coroutine">
      <UniqueIdentifier>{5af1a9f7-b496-4a12-82b1-164394d2a34c}</UniqueIdentifier>
    </Filter>
    <Filter Include="kxf/&lt;Modules&gt;">
      <UniqueIdentifier>{916829f1-4a51-4891-9918-1b9723789c5a}</UniqueIdentifier>
    </Filter>
    <Filter Include="kxf/+PCH">
      <UniqueIdentifier>{41eede33-8691-4162-8bf6-d3e5c13b4a89}</UniqueIdentifier>
    </Filter>
    <Filter Include="kxf/+Resources">
      <UniqueIdentifier>{0ca53471-4645-42d9-a8a6-7201d33f4451}</UniqueIdentifier>
    </Filter>
    <Filter Include="kxf/+Resources\SoftwareLicenseDB">
      <UniqueIdentifier>{09f70c3f-0b6b-49ae-afff-9f9e5b894dc5}</UniqueIdentifier>
    </Filter>
    <Filter Include="kxf\wxWidgets">
      <UniqueIdentifier>{025a1a1a-8594-467f-b759-9e5ca71ddd88}</UniqueIdentifier>
    </Filter>
    <Filter Include="kxf\Win32">
      <UniqueIdentifier>{f222d3d1-6cba-4032-8f79-16757a424297}</UniqueIdentifier>
    </Filter>
    <Filter Include="kxf\DateTime">
      <UniqueIdentifier>{073e2d6c-cfc9-4471-90ed-fc3f9dc3733b}</UniqueIdentifier>
    </Filter>
    <Filter Include="kxf\DateTime\Private">
      <UniqueIdentifier>{1927ba84-01dd-4b98-90dd-7496ee4a3211}</UniqueIdentifier>
    </Filter>
    <Filter Include="kxf\Drawing\GDIRenderer">
      <UniqueIdentifier>{3d09846d-8bb1-45f5-80f8-941139d141a5}</UniqueIdentifier>
    </Filter>
    <Filter Include="kxf\Crypto">
      <UniqueIdentifier>{a22e20b9-4de3-47e4-ace6-bcc7101c470c}</UniqueIdentifier>
    </Filter>
  </ItemGroup>
  <ItemGroup>
    <ClInclude Include="kxf\Threading\Common.h">
      <Filter>kxf\Threading</Filter>
    </ClInclude>
    <ClInclude Include="kxf\Common.hpp">
      <Filter>kxf</Filter>
    </ClInclude>
    <ClInclude Include="kxf\System\Common.h">
      <Filter>kxf\System</Filter>
    </ClInclude>
    <ClInclude Include="kxf\EventSystem\Common.h">
      <Filter>kxf\EventSystem</Filter>
    </ClInclude>
    <ClInclude Include="kxf\EventSystem\EventBuilder.h">
      <Filter>kxf\EventSystem</Filter>
    </ClInclude>
    <ClInclude Include="kxf\Utility\Common.h">
      <Filter>kxf\Utility</Filter>
    </ClInclude>
    <ClInclude Include="kxf\Utility\TypeTraits.h">
      <Filter>kxf\Utility</Filter>
    </ClInclude>
    <ClInclude Include="kxf\RTTI\Common.h">
      <Filter>kxf\RTTI</Filter>
    </ClInclude>
    <ClInclude Include="kxf\EventSystem\EventHandlerStack.h">
      <Filter>kxf\EventSystem</Filter>
    </ClInclude>
    <ClInclude Include="kxf\FileSystem\FSPath.h">
      <Filter>kxf\FileSystem</Filter>
    </ClInclude>
    <ClInclude Include="kxf\FileSystem\Common.h">
      <Filter>kxf\FileSystem</Filter>
    </ClInclude>
    <ClInclude Include="kxf\Core\Common.h">
      <Filter>kxf\Core</Filter>
    </ClInclude>
    <ClInclude Include="kxf\Core\NativeUUID.h">
      <Filter>kxf\Core</Filter>
    </ClInclude>
    <ClInclude Include="kxf\FileSystem\FileOperations.h">
      <Filter>kxf\FileSystem</Filter>
    </ClInclude>
    <ClInclude Include="kxf\Core\DataSize.h">
      <Filter>kxf\Core</Filter>
    </ClInclude>
    <ClInclude Include="kxf\FileSystem\FileItem.h">
      <Filter>kxf\FileSystem</Filter>
    </ClInclude>
    <ClInclude Include="kxf\FileSystem\IFileSystem.h">
      <Filter>kxf\FileSystem</Filter>
    </ClInclude>
    <ClInclude Include="kxf\FileSystem\NativeFileSystem.h">
      <Filter>kxf\FileSystem</Filter>
    </ClInclude>
    <ClInclude Include="kxf\FileSystem\LegacyVolume.h">
      <Filter>kxf\FileSystem</Filter>
    </ClInclude>
    <ClInclude Include="kxf\FileSystem\StorageVolume.h">
      <Filter>kxf\FileSystem</Filter>
    </ClInclude>
    <ClInclude Include="kxf\FileSystem\RecycleBin.h">
      <Filter>kxf\FileSystem</Filter>
    </ClInclude>
    <ClInclude Include="kxf\Compression\Common.h">
      <Filter>kxf\Compression</Filter>
    </ClInclude>
    <ClInclude Include="kxf\Compression\IArchive.h">
      <Filter>kxf\Compression</Filter>
    </ClInclude>
    <ClInclude Include="kxf\Compression\ZLibStream.h">
      <Filter>kxf\Compression</Filter>
    </ClInclude>
    <ClInclude Include="kxf\Compression\LZ4Stream.h">
      <Filter>kxf\Compression</Filter>
    </ClInclude>
    <ClInclude Include="kxf\System\Private\BeginIncludeCOM.h">
      <Filter>kxf\System\Private</Filter>
    </ClInclude>
    <ClInclude Include="kxf\FileSystem\Private\NamespacePrefix.h">
      <Filter>kxf\FileSystem\Private</Filter>
    </ClInclude>
    <ClInclude Include="kxf\System\Private\IncludeNtStatus.h">
      <Filter>kxf\System\Private</Filter>
    </ClInclude>
    <ClInclude Include="kxf\System\Private\EndIncludeCOM.h">
      <Filter>kxf\System\Private</Filter>
    </ClInclude>
    <ClInclude Include="kxf\Core\Version.h">
      <Filter>kxf\Core</Filter>
    </ClInclude>
    <ClInclude Include="kxf\Core\Private\VersionImpl.h">
      <Filter>kxf\Core\Private</Filter>
    </ClInclude>
    <ClInclude Include="kxf\Core\Any.h">
      <Filter>kxf\Core</Filter>
    </ClInclude>
    <ClInclude Include="kxf\Utility\Numeric.h">
      <Filter>kxf\Utility</Filter>
    </ClInclude>
    <ClInclude Include="kxf\Core\UniversallyUniqueID.h">
      <Filter>kxf\Core</Filter>
    </ClInclude>
    <ClInclude Include="kxf\Core\String.h">
      <Filter>kxf\Core</Filter>
    </ClInclude>
    <ClInclude Include="kxf\Utility\String.h">
      <Filter>kxf\Utility</Filter>
    </ClInclude>
    <ClInclude Include="kxf\System\NativeAPI.h">
      <Filter>kxf\System</Filter>
    </ClInclude>
    <ClInclude Include="kxf\System\SystemInformation.h">
      <Filter>kxf\System</Filter>
    </ClInclude>
    <ClInclude Include="kxf\System\SystemInformationDefines.h">
      <Filter>kxf\System</Filter>
    </ClInclude>
    <ClInclude Include="kxf\System\CredentialStore.h">
      <Filter>kxf\System</Filter>
    </ClInclude>
    <ClInclude Include="kxf\wxWidgets\Setup.h">
      <Filter>kxf\wxWidgets</Filter>
    </ClInclude>
    <ClInclude Include="kxf\Crypto\Crypto.h">
      <Filter>kxf\Crypto</Filter>
    </ClInclude>
    <ClInclude Include="kxf\Crypto\Common.h">
      <Filter>kxf\Crypto</Filter>
    </ClInclude>
    <ClInclude Include="kxf\Crypto\HashValue.h">
      <Filter>kxf\Crypto</Filter>
    </ClInclude>
    <ClInclude Include="kxf\Crypto\SecretValue.h">
      <Filter>kxf\Crypto</Filter>
    </ClInclude>
    <ClInclude Include="kxf\Crypto\ISecretStore.h">
      <Filter>kxf\Crypto</Filter>
    </ClInclude>
    <ClInclude Include="kxf\System\Private\CFunctionCompiler.h">
      <Filter>kxf\System\Private</Filter>
    </ClInclude>
    <ClInclude Include="kxf\System\Registry.h">
      <Filter>kxf\System</Filter>
    </ClInclude>
    <ClInclude Include="kxf\Network\Common.h">
      <Filter>kxf\Network</Filter>
    </ClInclude>
    <ClInclude Include="kxf\Utility\Container.h">
      <Filter>kxf\Utility</Filter>
    </ClInclude>
    <ClInclude Include="kxf\Utility\Drawing.h">
      <Filter>kxf\Utility</Filter>
    </ClInclude>
    <ClInclude Include="kxf\Core\IndexedEnum.h">
      <Filter>kxf\Core</Filter>
    </ClInclude>
    <ClInclude Include="kxf\Utility\Memory.h">
      <Filter>kxf\Utility</Filter>
    </ClInclude>
    <ClInclude Include="kxf\Network\URI.h">
      <Filter>kxf\Network</Filter>
    </ClInclude>
    <ClInclude Include="kxf\Compression\ArchiveEvent.h">
      <Filter>kxf\Compression</Filter>
    </ClInclude>
    <ClInclude Include="kxf\Drawing\Common.h">
      <Filter>kxf\Drawing</Filter>
    </ClInclude>
    <ClInclude Include="kxf\Core\Math.h">
      <Filter>kxf\Core</Filter>
    </ClInclude>
    <ClInclude Include="kxf\Core\WithOptions.h">
      <Filter>kxf\Core</Filter>
    </ClInclude>
    <ClInclude Include="kxf\System\DPIAwareness.h">
      <Filter>kxf\System</Filter>
    </ClInclude>
    <ClInclude Include="kxf\System\WOW64FSRedirection.h">
      <Filter>kxf\System</Filter>
    </ClInclude>
    <ClInclude Include="kxf\Localization\Common.h">
      <Filter>kxf\Localization</Filter>
    </ClInclude>
    <ClInclude Include="kxf\Localization\Locale.h">
      <Filter>kxf\Localization</Filter>
    </ClInclude>
    <ClInclude Include="kxf\Localization\Private\LocaleOptions.h">
      <Filter>kxf\Localization\Private</Filter>
    </ClInclude>
    <ClInclude Include="kxf\Core\StdID.h">
      <Filter>kxf\Core</Filter>
    </ClInclude>
    <ClInclude Include="kxf\Compression.hpp">
      <Filter>kxf/&lt;Modules&gt;</Filter>
    </ClInclude>
    <ClInclude Include="kxf\Crypto.hpp">
      <Filter>kxf/&lt;Modules&gt;</Filter>
    </ClInclude>
    <ClInclude Include="kxf\Drawing.hpp">
      <Filter>kxf/&lt;Modules&gt;</Filter>
    </ClInclude>
    <ClInclude Include="kxf\EventSystem.hpp">
      <Filter>kxf/&lt;Modules&gt;</Filter>
    </ClInclude>
    <ClInclude Include="kxf\FileSystem.hpp">
      <Filter>kxf/&lt;Modules&gt;</Filter>
    </ClInclude>
    <ClInclude Include="kxf\Core.hpp">
      <Filter>kxf/&lt;Modules&gt;</Filter>
    </ClInclude>
    <ClInclude Include="kxf\Localization.hpp">
      <Filter>kxf/&lt;Modules&gt;</Filter>
    </ClInclude>
    <ClInclude Include="kxf\Network.hpp">
      <Filter>kxf/&lt;Modules&gt;</Filter>
    </ClInclude>
    <ClInclude Include="kxf\RTTI.hpp">
      <Filter>kxf/&lt;Modules&gt;</Filter>
    </ClInclude>
    <ClInclude Include="kxf\System.hpp">
      <Filter>kxf/&lt;Modules&gt;</Filter>
    </ClInclude>
    <ClInclude Include="kxf\Threading.hpp">
      <Filter>kxf/&lt;Modules&gt;</Filter>
    </ClInclude>
    <ClInclude Include="kxf\Utility.hpp">
      <Filter>kxf/&lt;Modules&gt;</Filter>
    </ClInclude>
    <ClInclude Include="kxf\System\Private\Shell.h">
      <Filter>kxf\System\Private</Filter>
    </ClInclude>
    <ClInclude Include="kxf\System\TaskScheduler.h">
      <Filter>kxf\System</Filter>
    </ClInclude>
    <ClInclude Include="kxf\System\Private\KnownDirectoryDefinition.h">
      <Filter>kxf\System\Private</Filter>
    </ClInclude>
    <ClInclude Include="kxf\System\Private\KnownDirectoryGUID.h">
      <Filter>kxf\System\Private</Filter>
    </ClInclude>
    <ClInclude Include="kxf\wxWidgets\RTTI.h">
      <Filter>kxf\wxWidgets</Filter>
    </ClInclude>
    <ClInclude Include="kxf\System\DynamicLibrary.h">
      <Filter>kxf\System</Filter>
    </ClInclude>
    <ClInclude Include="kxf\System\Private\System.h">
      <Filter>kxf\System\Private</Filter>
    </ClInclude>
    <ClInclude Include="kxf\System\Private\BinaryResourceDefines.h">
      <Filter>kxf\System\Private</Filter>
    </ClInclude>
    <ClInclude Include="kxf\System\ExecutableVersionResource.h">
      <Filter>kxf\System</Filter>
    </ClInclude>
    <ClInclude Include="kxf\System\SystemProcess\RunningSystemProcess.h">
      <Filter>kxf\System\SystemProcess</Filter>
    </ClInclude>
    <ClInclude Include="kxf\System\SystemProcess\ISystemProcess.h">
      <Filter>kxf\System\SystemProcess</Filter>
    </ClInclude>
    <ClInclude Include="kxf\System\SystemProcess\ISystemProcessStdIO.h">
      <Filter>kxf\System\SystemProcess</Filter>
    </ClInclude>
    <ClInclude Include="kxf\System\SystemProcess\SystemProcessInfo.h">
      <Filter>kxf\System\SystemProcess</Filter>
    </ClInclude>
    <ClInclude Include="kxf\System\SystemProcess\RunningSystemProcessStdIO.h">
      <Filter>kxf\System\SystemProcess</Filter>
    </ClInclude>
    <ClInclude Include="kxf\System\SystemProcess\ProcessEvent.h">
      <Filter>kxf\System\SystemProcess</Filter>
    </ClInclude>
    <ClInclude Include="kxf\System\SystemProcess\CreateProcessExecutor.h">
      <Filter>kxf\System\SystemProcess</Filter>
    </ClInclude>
    <ClInclude Include="kxf\System\Private\COM.h">
      <Filter>kxf\System\Private</Filter>
    </ClInclude>
    <ClInclude Include="kxf\System\Private\SystemInformationDefinesMapping.h">
      <Filter>kxf\System\Private</Filter>
    </ClInclude>
    <ClInclude Include="kxf\pch.hpp">
      <Filter>kxf</Filter>
    </ClInclude>
    <ClInclude Include="kxf\Core\RegEx.h">
      <Filter>kxf\Core</Filter>
    </ClInclude>
    <ClInclude Include="kxf\Crypto\UserCredentials.h">
      <Filter>kxf\Crypto</Filter>
    </ClInclude>
    <ClInclude Include="kxf\System\UserName.h">
      <Filter>kxf\System</Filter>
    </ClInclude>
    <ClInclude Include="kxf\Threading\ThreadEvent.h">
      <Filter>kxf\Threading</Filter>
    </ClInclude>
    <ClInclude Include="kxf\wxWidgets\SystemOptions.h">
      <Filter>kxf\wxWidgets</Filter>
    </ClInclude>
    <ClInclude Include="kxf\wxWidgets\Common.h">
      <Filter>kxf\wxWidgets</Filter>
    </ClInclude>
    <ClInclude Include="kxf\System\SystemAppearance.h">
      <Filter>kxf\System</Filter>
    </ClInclude>
    <ClInclude Include="kxf\Drawing\Geometry.h">
      <Filter>kxf\Drawing</Filter>
    </ClInclude>
    <ClInclude Include="kxf\Core\FlagSet.h">
      <Filter>kxf\Core</Filter>
    </ClInclude>
    <ClInclude Include="kxf\System\DynamicLibraryEvent.h">
      <Filter>kxf\System</Filter>
    </ClInclude>
    <ClInclude Include="kxf\FileSystem\Private\NativeFSUtility.h">
      <Filter>kxf\FileSystem\Private</Filter>
    </ClInclude>
    <ClInclude Include="kxf\Core\LocallyUniqueID.h">
      <Filter>kxf\Core</Filter>
    </ClInclude>
    <ClInclude Include="kxf\Compression\SevenZip\Common.h">
      <Filter>kxf\Compression\SevenZip</Filter>
    </ClInclude>
    <ClInclude Include="kxf\Compression\SevenZip\Private\GUIDs.h">
      <Filter>kxf\Compression\SevenZip\Private</Filter>
    </ClInclude>
    <ClInclude Include="kxf\Compression\SevenZip\Private\Utility.h">
      <Filter>kxf\Compression\SevenZip\Private</Filter>
    </ClInclude>
    <ClInclude Include="kxf\Compression\SevenZip\Private\InStreamWrapper.h">
      <Filter>kxf\Compression\SevenZip\Private\&lt;Streams&gt;</Filter>
    </ClInclude>
    <ClInclude Include="kxf\Compression\SevenZip\Private\OutStreamWrapper.h">
      <Filter>kxf\Compression\SevenZip\Private\&lt;Streams&gt;</Filter>
    </ClInclude>
    <ClInclude Include="kxf\Compression\SevenZip\Private\ArchiveExtractCallback.h">
      <Filter>kxf\Compression\SevenZip\Private\&lt;Callbacks&gt;</Filter>
    </ClInclude>
    <ClInclude Include="kxf\Compression\SevenZip\Private\ArchiveOpenCallback.h">
      <Filter>kxf\Compression\SevenZip\Private\&lt;Callbacks&gt;</Filter>
    </ClInclude>
    <ClInclude Include="kxf\Compression\SevenZip\Private\ArchiveUpdateCallback.h">
      <Filter>kxf\Compression\SevenZip\Private\&lt;Callbacks&gt;</Filter>
    </ClInclude>
    <ClInclude Include="kxf\Compression\SevenZip\Private\WithEvtHandler.h">
      <Filter>kxf\Compression\SevenZip\Private</Filter>
    </ClInclude>
    <ClInclude Include="kxf\Compression\SevenZip\Private\PasswordHandler.h">
      <Filter>kxf\Compression\SevenZip\Private</Filter>
    </ClInclude>
    <ClInclude Include="kxf\Compression\SevenZip\Library.h">
      <Filter>kxf\Compression\SevenZip</Filter>
    </ClInclude>
    <ClInclude Include="kxf\Compression\SevenZip\Archive.h">
      <Filter>kxf\Compression\SevenZip</Filter>
    </ClInclude>
    <ClInclude Include="kxf\Core\AlignedStorage.h">
      <Filter>kxf\Core</Filter>
    </ClInclude>
    <ClInclude Include="kxf\Threading\CriticalSection.h">
      <Filter>kxf\Threading</Filter>
    </ClInclude>
    <ClInclude Include="kxf\Compression\IArchiveCallbacks.h">
      <Filter>kxf\Compression</Filter>
    </ClInclude>
    <ClInclude Include="kxf\IO\Common.h">
      <Filter>kxf\IO</Filter>
    </ClInclude>
    <ClInclude Include="kxf\IO.hpp">
      <Filter>kxf/&lt;Modules&gt;</Filter>
    </ClInclude>
    <ClInclude Include="kxf\IO\MemoryStream.h">
      <Filter>kxf\IO</Filter>
    </ClInclude>
    <ClInclude Include="kxf\IO\StreamDelegate.h">
      <Filter>kxf\IO</Filter>
    </ClInclude>
    <ClInclude Include="kxf\Serialization\TextDocument.h">
      <Filter>kxf\Serialization</Filter>
    </ClInclude>
    <ClInclude Include="kxf\Serialization\XDocument.h">
      <Filter>kxf\Serialization</Filter>
    </ClInclude>
    <ClInclude Include="kxf\Serialization\Common.h">
      <Filter>kxf\Serialization</Filter>
    </ClInclude>
    <ClInclude Include="kxf\Serialization\HTML.h">
      <Filter>kxf\Serialization</Filter>
    </ClInclude>
    <ClInclude Include="kxf\Serialization\HTML\HTMLDocument.h">
      <Filter>kxf\Serialization\HTML</Filter>
    </ClInclude>
    <ClInclude Include="kxf\Serialization\XML.h">
      <Filter>kxf\Serialization</Filter>
    </ClInclude>
    <ClInclude Include="kxf\Serialization\XML\XMLDocument.h">
      <Filter>kxf\Serialization\XML</Filter>
    </ClInclude>
    <ClInclude Include="kxf\Serialization\JSON.h">
      <Filter>kxf\Serialization</Filter>
    </ClInclude>
    <ClInclude Include="kxf\Serialization\INI.h">
      <Filter>kxf\Serialization</Filter>
    </ClInclude>
    <ClInclude Include="kxf\Serialization\INI\INIDocument.h">
      <Filter>kxf\Serialization\INI</Filter>
    </ClInclude>
    <ClInclude Include="kxf\Serialization\JSON\JSONDocument.h">
      <Filter>kxf\Serialization\JSON</Filter>
    </ClInclude>
    <ClInclude Include="kxf\Serialization\Private\XDocument.h">
      <Filter>kxf\Serialization\Private</Filter>
    </ClInclude>
    <ClInclude Include="kxf\Serialization\HTML\Private\error.h">
      <Filter>kxf\Serialization\HTML\Private</Filter>
    </ClInclude>
    <ClInclude Include="kxf\Serialization\HTML\Private\insertion_mode.h">
      <Filter>kxf\Serialization\HTML\Private</Filter>
    </ClInclude>
    <ClInclude Include="kxf\Serialization\HTML\Private\string_buffer.h">
      <Filter>kxf\Serialization\HTML\Private</Filter>
    </ClInclude>
    <ClInclude Include="kxf\Serialization\HTML\Private\token_type.h">
      <Filter>kxf\Serialization\HTML\Private</Filter>
    </ClInclude>
    <ClInclude Include="kxf\Serialization\XML\Private\Utility.h">
      <Filter>kxf\Serialization\XML\Private</Filter>
    </ClInclude>
    <ClInclude Include="kxf\Serialization.hpp">
      <Filter>kxf/&lt;Modules&gt;</Filter>
    </ClInclude>
    <ClInclude Include="kxf\Compression\SevenZip.h">
      <Filter>kxf\Compression</Filter>
    </ClInclude>
    <ClInclude Include="kxf\EventSystem\EventID.h">
      <Filter>kxf\EventSystem</Filter>
    </ClInclude>
    <ClInclude Include="kxf\Threading\ReadWriteLock.h">
      <Filter>kxf\Threading</Filter>
    </ClInclude>
    <ClInclude Include="kxf\Threading\LockGuard.h">
      <Filter>kxf\Threading</Filter>
    </ClInclude>
    <ClInclude Include="kxf\EventSystem\IWithEvtHandler.h">
      <Filter>kxf\EventSystem</Filter>
    </ClInclude>
    <ClInclude Include="kxf\EventSystem\IEventExecutor.h">
      <Filter>kxf\EventSystem</Filter>
    </ClInclude>
    <ClInclude Include="kxf\EventSystem\EvtHandler.h">
      <Filter>kxf\EventSystem</Filter>
    </ClInclude>
    <ClInclude Include="kxf\EventSystem\EventExecutor.h">
      <Filter>kxf\EventSystem</Filter>
    </ClInclude>
    <ClInclude Include="kxf\EventSystem\EventItem.h">
      <Filter>kxf\EventSystem</Filter>
    </ClInclude>
    <ClInclude Include="kxf\EventSystem\IEventFilter.h">
      <Filter>kxf\EventSystem</Filter>
    </ClInclude>
    <ClInclude Include="kxf\wxWidgets\ApplicationWrapper.h">
      <Filter>kxf\wxWidgets</Filter>
    </ClInclude>
    <ClInclude Include="kxf\Threading\RecursiveRWLock.h">
      <Filter>kxf\Threading</Filter>
    </ClInclude>
    <ClInclude Include="kxf\EventSystem\EvtHandlerDelegate.h">
      <Filter>kxf\EventSystem</Filter>
    </ClInclude>
    <ClInclude Include="kxf\Threading\SynchronizedCondition.h">
      <Filter>kxf\Threading</Filter>
    </ClInclude>
    <ClInclude Include="kxf\wxWidgets\EventLoopWrapper.h">
      <Filter>kxf\wxWidgets</Filter>
    </ClInclude>
    <ClInclude Include="kxf\EventSystem\ActivateEvent.h">
      <Filter>kxf\EventSystem\&lt;Events&gt;</Filter>
    </ClInclude>
    <ClInclude Include="kxf\EventSystem\IdleEvent.h">
      <Filter>kxf\EventSystem\&lt;Events&gt;</Filter>
    </ClInclude>
    <ClInclude Include="kxf\Application.hpp">
      <Filter>kxf/&lt;Modules&gt;</Filter>
    </ClInclude>
    <ClInclude Include="kxf\Application\Common.h">
      <Filter>kxf\Application</Filter>
    </ClInclude>
    <ClInclude Include="kxf\Application\ApplicationInitializer.h">
      <Filter>kxf\Application</Filter>
    </ClInclude>
    <ClInclude Include="kxf\Application\CoreApplication.h">
      <Filter>kxf\Application</Filter>
    </ClInclude>
    <ClInclude Include="kxf\Application\ICoreApplication.h">
      <Filter>kxf\Application</Filter>
    </ClInclude>
    <ClInclude Include="kxf\Application\IGUIApplication.h">
      <Filter>kxf\Application</Filter>
    </ClInclude>
    <ClInclude Include="kxf\EventSystem\IEvent.h">
      <Filter>kxf\EventSystem</Filter>
    </ClInclude>
    <ClInclude Include="kxf\wxWidgets\EvtHandlerWrapper.h">
      <Filter>kxf\wxWidgets</Filter>
    </ClInclude>
    <ClInclude Include="kxf\EventSystem\BasicEvent.h">
      <Filter>kxf\EventSystem\&lt;Events&gt;</Filter>
    </ClInclude>
    <ClInclude Include="kxf\wxWidgets\EventWrapper.h">
      <Filter>kxf\wxWidgets</Filter>
    </ClInclude>
    <ClInclude Include="kxf\wxWidgets\ClientObject.h">
      <Filter>kxf\wxWidgets</Filter>
    </ClInclude>
    <ClInclude Include="kxf\Application\Private\Utility.h">
      <Filter>kxf\Application\Private</Filter>
    </ClInclude>
    <ClInclude Include="kxf\wxWidgets\IWithEvent.h">
      <Filter>kxf\wxWidgets</Filter>
    </ClInclude>
    <ClInclude Include="kxf\EventSystem\IEvtHandler.h">
      <Filter>kxf\EventSystem</Filter>
    </ClInclude>
    <ClInclude Include="kxf\EventSystem\EvtHandlerAccessor.h">
      <Filter>kxf\EventSystem</Filter>
    </ClInclude>
    <ClInclude Include="kxf\EventSystem\EventBroadcastProcessor.h">
      <Filter>kxf\EventSystem</Filter>
    </ClInclude>
    <ClInclude Include="kxf\EventSystem\Event.h">
      <Filter>kxf\EventSystem</Filter>
    </ClInclude>
    <ClInclude Include="kxf\EventSystem\IndirectInvocationEvent.h">
      <Filter>kxf\EventSystem\&lt;Events&gt;</Filter>
    </ClInclude>
    <ClInclude Include="kxf\EventSystem\SignalInvocationEvent.h">
      <Filter>kxf\EventSystem\&lt;Events&gt;</Filter>
    </ClInclude>
    <ClInclude Include="kxf\EventSystem\SignalExecutor.h">
      <Filter>kxf\EventSystem</Filter>
    </ClInclude>
    <ClInclude Include="kxf\FileSystem\FSActionEvent.h">
      <Filter>kxf\FileSystem</Filter>
    </ClInclude>
    <ClInclude Include="kxf\EventSystem\Private\EventWaitInfo.h">
      <Filter>kxf\EventSystem\Private</Filter>
    </ClInclude>
    <ClInclude Include="kxf\Localization\ILocalizationPackage.h">
      <Filter>kxf\Localization</Filter>
    </ClInclude>
    <ClInclude Include="kxf\Core\ResourceID.h">
      <Filter>kxf\Core</Filter>
    </ClInclude>
    <ClInclude Include="kxf\Localization\LocalizationItem.h">
      <Filter>kxf\Localization</Filter>
    </ClInclude>
    <ClInclude Include="kxf\Localization\LocalizationPackageStack.h">
      <Filter>kxf\Localization</Filter>
    </ClInclude>
    <ClInclude Include="kxf\Localization\Private\LocalizationResources.h">
      <Filter>kxf\Localization\Private</Filter>
    </ClInclude>
    <ClInclude Include="kxf\Localization\Constants.h">
      <Filter>kxf\Localization</Filter>
    </ClInclude>
    <ClInclude Include="kxf\Localization\AndroidLocalizationPackage.h">
      <Filter>kxf\Localization</Filter>
    </ClInclude>
    <ClInclude Include="kxf\Localization\Private\LocalizationPackageHelper.h">
      <Filter>kxf\Localization\Private</Filter>
    </ClInclude>
    <ClInclude Include="kxf\Localization\WindowsLocalizationPackage.h">
      <Filter>kxf\Localization</Filter>
    </ClInclude>
    <ClInclude Include="kxf\Core\OptionalPtr.h">
      <Filter>kxf\Core</Filter>
    </ClInclude>
    <ClInclude Include="kxf\RTTI\IID.h">
      <Filter>kxf\RTTI</Filter>
    </ClInclude>
    <ClInclude Include="kxf\IO\IStream.h">
      <Filter>kxf\IO</Filter>
    </ClInclude>
    <ClInclude Include="kxf\IO\INativeStream.h">
      <Filter>kxf\IO</Filter>
    </ClInclude>
    <ClInclude Include="kxf\IO\IStreamOnFileSystem.h">
      <Filter>kxf\IO</Filter>
    </ClInclude>
    <ClInclude Include="kxf\IO\StreamReaderWriter.h">
      <Filter>kxf\IO</Filter>
    </ClInclude>
    <ClInclude Include="kxf\wxWidgets\StreamWrapper.h">
      <Filter>kxf\wxWidgets</Filter>
    </ClInclude>
    <ClInclude Include="kxf\IO\NativeFileStream.h">
      <Filter>kxf\IO</Filter>
    </ClInclude>
    <ClInclude Include="kxf\Core\IErrorCode.h">
      <Filter>kxf\Core</Filter>
    </ClInclude>
    <ClInclude Include="kxf\System\Private\ErrorCode.h">
      <Filter>kxf\System\Private</Filter>
    </ClInclude>
    <ClInclude Include="kxf\IO\StreamError.h">
      <Filter>kxf\IO</Filter>
    </ClInclude>
    <ClInclude Include="kxf\Network\HTTPStatus.h">
      <Filter>kxf\Network</Filter>
    </ClInclude>
    <ClInclude Include="kxf\Localization\QtLocalizationPackage.h">
      <Filter>kxf\Localization</Filter>
    </ClInclude>
    <ClInclude Include="kxf\Log.hpp">
      <Filter>kxf/&lt;Modules&gt;</Filter>
    </ClInclude>
    <ClInclude Include="kxf\Log\Common.h">
      <Filter>kxf\Log</Filter>
    </ClInclude>
    <ClInclude Include="kxf\Drawing\SizeRatio.h">
      <Filter>kxf\Drawing</Filter>
    </ClInclude>
    <ClInclude Include="kxf\Drawing\ColorDepth.h">
      <Filter>kxf\Drawing</Filter>
    </ClInclude>
    <ClInclude Include="kxf\Drawing\ColorDefines.h">
      <Filter>kxf\Drawing</Filter>
    </ClInclude>
    <ClInclude Include="kxf\Drawing\Color.h">
      <Filter>kxf\Drawing</Filter>
    </ClInclude>
    <ClInclude Include="kxf\Drawing\Angle.h">
      <Filter>kxf\Drawing</Filter>
    </ClInclude>
    <ClInclude Include="kxf\Drawing\ImageBundle.h">
      <Filter>kxf\Drawing</Filter>
    </ClInclude>
    <ClInclude Include="kxf\Drawing\FontMetrics.h">
      <Filter>kxf\Drawing</Filter>
    </ClInclude>
    <ClInclude Include="kxf\Drawing\AffineMatrix.h">
      <Filter>kxf\Drawing</Filter>
    </ClInclude>
    <ClInclude Include="kxf\Drawing\Font.h">
      <Filter>kxf\Drawing</Filter>
    </ClInclude>
    <ClInclude Include="kxf\Drawing\Private\SVGImageHandler.h">
      <Filter>kxf\Drawing\Private</Filter>
    </ClInclude>
    <ClInclude Include="kxf\Drawing\IImage2D.h">
      <Filter>kxf\Drawing</Filter>
    </ClInclude>
    <ClInclude Include="kxf\Drawing\ImageDefines.h">
      <Filter>kxf\Drawing</Filter>
    </ClInclude>
    <ClInclude Include="kxf\Drawing\IVectorImage.h">
      <Filter>kxf\Drawing</Filter>
    </ClInclude>
    <ClInclude Include="kxf\Drawing\IBitmapImage.h">
      <Filter>kxf\Drawing</Filter>
    </ClInclude>
    <ClInclude Include="kxf\Drawing\BitmapImage.h">
      <Filter>kxf\Drawing</Filter>
    </ClInclude>
    <ClInclude Include="kxf\Drawing\SVGImage.h">
      <Filter>kxf\Drawing</Filter>
    </ClInclude>
    <ClInclude Include="kxf\Drawing\IImageHandler.h">
      <Filter>kxf\Drawing</Filter>
    </ClInclude>
    <ClInclude Include="kxf\Utility\ScopeGuard.h">
      <Filter>kxf\Utility</Filter>
    </ClInclude>
    <ClInclude Include="kxf\FileSystem\NullFileSystem.h">
      <Filter>kxf\FileSystem</Filter>
    </ClInclude>
    <ClInclude Include="kxf\Core\ErrorCode.h">
      <Filter>kxf\Core</Filter>
    </ClInclude>
    <ClInclude Include="kxf\Core\CombinedVariableCollection.h">
      <Filter>kxf\Core\&lt;VariableCollection&gt;</Filter>
    </ClInclude>
    <ClInclude Include="kxf\Core\DynamicVariableCollection.h">
      <Filter>kxf\Core\&lt;VariableCollection&gt;</Filter>
    </ClInclude>
    <ClInclude Include="kxf\Core\StaticVariableCollection.h">
      <Filter>kxf\Core\&lt;VariableCollection&gt;</Filter>
    </ClInclude>
    <ClInclude Include="kxf\Core\IVariableCollection.h">
      <Filter>kxf\Core\&lt;VariableCollection&gt;</Filter>
    </ClInclude>
    <ClInclude Include="kxf\Core\NullVariableCollection.h">
      <Filter>kxf\Core\&lt;VariableCollection&gt;</Filter>
    </ClInclude>
    <ClInclude Include="kxf\RTTI\ClassInfo.h">
      <Filter>kxf\RTTI</Filter>
    </ClInclude>
    <ClInclude Include="kxf\RTTI\RTTI.h">
      <Filter>kxf\RTTI</Filter>
    </ClInclude>
    <ClInclude Include="kxf\RTTI\IObject.h">
      <Filter>kxf\RTTI</Filter>
    </ClInclude>
    <ClInclude Include="kxf\RTTI\Interface.h">
      <Filter>kxf\RTTI</Filter>
    </ClInclude>
    <ClInclude Include="kxf\Core\IEnumerator.h">
      <Filter>kxf\Core</Filter>
    </ClInclude>
    <ClInclude Include="kxf\Utility\Literals.h">
      <Filter>kxf\Utility</Filter>
    </ClInclude>
    <ClInclude Include="kxf\Core\Enumerator.h">
      <Filter>kxf\Core</Filter>
    </ClInclude>
    <ClInclude Include="kxf\Utility\Enumerator.h">
      <Filter>kxf\Utility</Filter>
    </ClInclude>
    <ClInclude Include="kxf\Utility\Functional.h">
      <Filter>kxf\Utility</Filter>
    </ClInclude>
    <ClInclude Include="kxf\Core\OptionalRef.h">
      <Filter>kxf\Core</Filter>
    </ClInclude>
    <ClInclude Include="kxf\System\HandlePtr.h">
      <Filter>kxf\System</Filter>
    </ClInclude>
    <ClInclude Include="kxf\Core\AlignedBuffer.h">
      <Filter>kxf\Core</Filter>
    </ClInclude>
    <ClInclude Include="kxf\Core\AlignedObjectStorage.h">
      <Filter>kxf\Core</Filter>
    </ClInclude>
    <ClInclude Include="kxf\wxWidgets\EventTag.h">
      <Filter>kxf\wxWidgets</Filter>
    </ClInclude>
    <ClInclude Include="kxf\System\WMI.h">
      <Filter>kxf\System</Filter>
    </ClInclude>
    <ClInclude Include="kxf\Utility\RecursiveCollectionEnumerator.h">
      <Filter>kxf\Utility</Filter>
    </ClInclude>
    <ClInclude Include="kxf\Core\ILibraryInfo.h">
      <Filter>kxf\Core</Filter>
    </ClInclude>
    <ClInclude Include="kxf\IO\NullStream.h">
      <Filter>kxf\IO</Filter>
    </ClInclude>
    <ClInclude Include="kxf\Threading\IThreadPool.h">
      <Filter>kxf\Threading</Filter>
    </ClInclude>
    <ClInclude Include="kxf\Network\CURLWebSession\Common.h">
      <Filter>kxf\Network\CURLWebSession</Filter>
    </ClInclude>
    <ClInclude Include="kxf\Network\CURLWebSession\CURLWebRequest.h">
      <Filter>kxf\Network\CURLWebSession</Filter>
    </ClInclude>
    <ClInclude Include="kxf\Network\CURLWebSession\CURLWebResponse.h">
      <Filter>kxf\Network\CURLWebSession</Filter>
    </ClInclude>
    <ClInclude Include="kxf\Network\CURLWebSession\CURLWebSession.h">
      <Filter>kxf\Network\CURLWebSession</Filter>
    </ClInclude>
    <ClInclude Include="kxf\Network\CURLWebSession\LibCURLUtility.h">
      <Filter>kxf\Network\CURLWebSession</Filter>
    </ClInclude>
    <ClInclude Include="kxf\Network\CURLWebSession\LibCURL.h">
      <Filter>kxf\Network\CURLWebSession</Filter>
    </ClInclude>
    <ClInclude Include="kxf\Network\CURLWebSession\CURLWebAuthChallenge.h">
      <Filter>kxf\Network\CURLWebSession</Filter>
    </ClInclude>
    <ClInclude Include="kxf\Network\WebRequest.h">
      <Filter>kxf\Network</Filter>
    </ClInclude>
    <ClInclude Include="kxf\Network\WebRequest\Common.h">
      <Filter>kxf\Network\WebRequest</Filter>
    </ClInclude>
    <ClInclude Include="kxf\Network\WebRequest\IWebRequest.h">
      <Filter>kxf\Network\WebRequest</Filter>
    </ClInclude>
    <ClInclude Include="kxf\Network\WebRequest\IWebRequestAuthOptions.h">
      <Filter>kxf\Network\WebRequest</Filter>
    </ClInclude>
    <ClInclude Include="kxf\Network\WebRequest\IWebRequestOptions.h">
      <Filter>kxf\Network\WebRequest</Filter>
    </ClInclude>
    <ClInclude Include="kxf\Network\WebRequest\IWebRequestProxyOptions.h">
      <Filter>kxf\Network\WebRequest</Filter>
    </ClInclude>
    <ClInclude Include="kxf\Network\WebRequest\IWebRequestSecurityOptions.h">
      <Filter>kxf\Network\WebRequest</Filter>
    </ClInclude>
    <ClInclude Include="kxf\Network\WebRequest\IWebResponse.h">
      <Filter>kxf\Network\WebRequest</Filter>
    </ClInclude>
    <ClInclude Include="kxf\Network\WebRequest\IWebSession.h">
      <Filter>kxf\Network\WebRequest</Filter>
    </ClInclude>
    <ClInclude Include="kxf\Network\WebRequest\WebRequestEvent.h">
      <Filter>kxf\Network\WebRequest</Filter>
    </ClInclude>
    <ClInclude Include="kxf\Network\WebRequest\WebRequestHeader.h">
      <Filter>kxf\Network\WebRequest</Filter>
    </ClInclude>
    <ClInclude Include="kxf\Network\WebRequest\IWebAuthChallenge.h">
      <Filter>kxf\Network\WebRequest</Filter>
    </ClInclude>
    <ClInclude Include="kxf\Network\WebRequest\Options.h">
      <Filter>kxf\Network\WebRequest</Filter>
    </ClInclude>
    <ClInclude Include="kxf\IO\IMemoryStream.h">
      <Filter>kxf\IO</Filter>
    </ClInclude>
    <ClInclude Include="kxf\Utility\SoftwareLicenseDB.h">
      <Filter>kxf\Utility</Filter>
    </ClInclude>
    <ClInclude Include="kxf\Network\Private\BasicWebSession.h">
      <Filter>kxf\Network\Private</Filter>
    </ClInclude>
    <ClInclude Include="kxf\Network\Private\BasicWebRequest.h">
      <Filter>kxf\Network\Private</Filter>
    </ClInclude>
    <ClInclude Include="kxf\Network\WSPPWebSession\WSPPWebRequest.h">
      <Filter>kxf\Network\WSPPWebSession</Filter>
    </ClInclude>
    <ClInclude Include="kxf\Network\WSPPWebSession\WSPPWebResponse.h">
      <Filter>kxf\Network\WSPPWebSession</Filter>
    </ClInclude>
    <ClInclude Include="kxf\Network\WSPPWebSession\WSPPWebSession.h">
      <Filter>kxf\Network\WSPPWebSession</Filter>
    </ClInclude>
    <ClInclude Include="kxf\Network\WSPPWebSession\Common.h">
      <Filter>kxf\Network\WSPPWebSession</Filter>
    </ClInclude>
    <ClInclude Include="kxf\Network\WSPPWebSession\WSPP.h">
      <Filter>kxf\Network\WSPPWebSession</Filter>
    </ClInclude>
    <ClInclude Include="kxf\Serialization\BinarySerializer.h">
      <Filter>kxf\Serialization</Filter>
    </ClInclude>
    <ClInclude Include="kxf\RPC\IRPCClient.h">
      <Filter>kxf\RPC</Filter>
    </ClInclude>
    <ClInclude Include="kxf\RPC\RPCEvent.h">
      <Filter>kxf\RPC</Filter>
    </ClInclude>
    <ClInclude Include="kxf\RPC\IRPCServer.h">
      <Filter>kxf\RPC</Filter>
    </ClInclude>
    <ClInclude Include="kxf\RPC\Common.h">
      <Filter>kxf\RPC</Filter>
    </ClInclude>
    <ClInclude Include="kxf\RPC\SharedMemory.h">
      <Filter>kxf\RPC</Filter>
    </ClInclude>
    <ClInclude Include="kxf\Threading\Mutex.h">
      <Filter>kxf\Threading</Filter>
    </ClInclude>
    <ClInclude Include="kxf\RPC\Private\RPCExchange.h">
      <Filter>kxf\RPC\Private</Filter>
    </ClInclude>
    <ClInclude Include="kxf\EventSystem\BasicEvtHandler.h">
      <Filter>kxf\EventSystem</Filter>
    </ClInclude>
    <ClInclude Include="kxf\IO\MemoryStreamBuffer.h">
      <Filter>kxf\IO</Filter>
    </ClInclude>
    <ClInclude Include="kxf\Core\UniChar.h">
      <Filter>kxf\Core</Filter>
    </ClInclude>
    <ClInclude Include="kxf\Core\IEncodingConverter.h">
      <Filter>kxf\Core</Filter>
    </ClInclude>
    <ClInclude Include="kxf\Application\CommandLineParser.h">
      <Filter>kxf\Application</Filter>
    </ClInclude>
    <ClInclude Include="kxf\Log\Private\WxOverride.h">
      <Filter>kxf\Log\Private</Filter>
    </ClInclude>
    <ClInclude Include="kxf\Core\IMemoryAllocator.h">
      <Filter>kxf\Core</Filter>
    </ClInclude>
    <ClInclude Include="kxf\Core\StupidMemoryAllocator.h">
      <Filter>kxf\Core</Filter>
    </ClInclude>
    <ClInclude Include="kxf\Log\ScopedLogger.h">
      <Filter>kxf\Log</Filter>
    </ClInclude>
    <ClInclude Include="kxf\System\SystemThread\SystemThreadInfo.h">
      <Filter>kxf\System\SystemThread</Filter>
    </ClInclude>
    <ClInclude Include="kxf\System\SystemThread\ISystemThread.h">
      <Filter>kxf\System\SystemThread</Filter>
    </ClInclude>
    <ClInclude Include="kxf\Threading\ThreadLocalSlot.h">
      <Filter>kxf\Threading</Filter>
    </ClInclude>
    <ClInclude Include="kxf\System\SystemThread\RunningSystemThread.h">
      <Filter>kxf\System\SystemThread</Filter>
    </ClInclude>
    <ClInclude Include="kxf\Log\ScopedLoggerTarget.h">
      <Filter>kxf\Log</Filter>
    </ClInclude>
    <ClInclude Include="kxf\Core\Private\StringFormatters.h">
      <Filter>kxf\Core\Private</Filter>
    </ClInclude>
    <ClInclude Include="kxf\System\SystemWindow\ISystemWindow.h">
      <Filter>kxf\System\SystemWindow</Filter>
    </ClInclude>
    <ClInclude Include="kxf\System\SystemWindow\SystemWindow.h">
      <Filter>kxf\System\SystemWindow</Filter>
    </ClInclude>
    <ClInclude Include="kxf\Core\Private\FormatQtStyle.h">
      <Filter>kxf\Core\Private</Filter>
    </ClInclude>
    <ClInclude Include="kxf\Log\ScopedLoggerContext.h">
      <Filter>kxf\Log</Filter>
    </ClInclude>
    <ClInclude Include="kxf\Log\Categories.h">
      <Filter>kxf\Log</Filter>
    </ClInclude>
    <ClInclude Include="kxf\Core\StandardAllocator.h">
      <Filter>kxf\Core</Filter>
    </ClInclude>
    <ClInclude Include="kxf\Core\Private\ErrorCode.h">
      <Filter>kxf\Core\Private</Filter>
    </ClInclude>
    <ClInclude Include="kxf\Utility\CallbackAdapters.h">
      <Filter>kxf\Utility</Filter>
    </ClInclude>
    <ClInclude Include="kxf\Core\EncodingConverter\WhateverWorksEncodingConverter.h">
      <Filter>kxf\Core\EncodingConverter</Filter>
    </ClInclude>
    <ClInclude Include="kxf\Core\EncodingConverter\NativeEncodingConverter.h">
      <Filter>kxf\Core\EncodingConverter</Filter>
    </ClInclude>
    <ClInclude Include="kxf\Application\AttachedApplication.h">
      <Filter>kxf\Application</Filter>
    </ClInclude>
    <ClInclude Include="kxf\RPC\SystemWindowRPC\SystemWindowRPCClient.h">
      <Filter>kxf\RPC\SystemWindowRPC</Filter>
    </ClInclude>
    <ClInclude Include="kxf\RPC\SystemWindowRPC\SystemWindowRPCEvent.h">
      <Filter>kxf\RPC\SystemWindowRPC</Filter>
    </ClInclude>
    <ClInclude Include="kxf\RPC\SystemWindowRPC\SystemWindowRPCServer.h">
      <Filter>kxf\RPC\SystemWindowRPC</Filter>
    </ClInclude>
    <ClInclude Include="kxf\RPC\SystemWindowRPC\Private\SystemWindowRPCExchanger.h">
      <Filter>kxf\RPC\SystemWindowRPC\Private</Filter>
    </ClInclude>
    <ClInclude Include="kxf\RPC\SystemWindowRPC.h">
      <Filter>kxf\RPC</Filter>
    </ClInclude>
    <ClInclude Include="kxf\RPC\SystemWindowRPC\Private\SystemWindowRPCExchangerTarget.h">
      <Filter>kxf\RPC\SystemWindowRPC</Filter>
    </ClInclude>
    <ClInclude Include="kxf\RPC.hpp">
      <Filter>kxf/&lt;Modules&gt;</Filter>
    </ClInclude>
    <ClInclude Include="kxf\System\HResult.h">
      <Filter>kxf\System\&lt;ErrorCode&gt;</Filter>
    </ClInclude>
    <ClInclude Include="kxf\System\Win32Error.h">
      <Filter>kxf\System\&lt;ErrorCode&gt;</Filter>
    </ClInclude>
    <ClInclude Include="kxf\System\NtStatus.h">
      <Filter>kxf\System\&lt;ErrorCode&gt;</Filter>
    </ClInclude>
    <ClInclude Include="kxf\Core\CallbackFunction.h">
      <Filter>kxf\Core</Filter>
    </ClInclude>
    <ClInclude Include="kxf\System\COM.h">
      <Filter>kxf\System\&lt;COM&gt;</Filter>
    </ClInclude>
    <ClInclude Include="kxf\System\SafeArray.h">
      <Filter>kxf\System\&lt;COM&gt;</Filter>
    </ClInclude>
    <ClInclude Include="kxf\System\VariantProperty.h">
      <Filter>kxf\System\&lt;COM&gt;</Filter>
    </ClInclude>
    <ClInclude Include="kxf\System\CFunctionCompiler.h">
      <Filter>kxf\System\&lt;CFunction&gt;</Filter>
    </ClInclude>
    <ClInclude Include="kxf\System\CFunctionHook.h">
      <Filter>kxf\System\&lt;CFunction&gt;</Filter>
    </ClInclude>
    <ClInclude Include="kxf\System\ShellFileType.h">
      <Filter>kxf\System\&lt;Shell&gt;</Filter>
    </ClInclude>
    <ClInclude Include="kxf\System\ShellFileTypeInfo.h">
      <Filter>kxf\System\&lt;Shell&gt;</Filter>
    </ClInclude>
    <ClInclude Include="kxf\System\ShellFileTypeManager.h">
      <Filter>kxf\System\&lt;Shell&gt;</Filter>
    </ClInclude>
    <ClInclude Include="kxf\System\ShellLink.h">
      <Filter>kxf\System\&lt;Shell&gt;</Filter>
    </ClInclude>
    <ClInclude Include="kxf\System\ShellOperations.h">
      <Filter>kxf\System\&lt;Shell&gt;</Filter>
    </ClInclude>
    <ClInclude Include="kxf\System\KnownDirectoryID.h">
      <Filter>kxf\System\&lt;Shell&gt;</Filter>
    </ClInclude>
    <ClInclude Include="kxf\System\SystemThread.h">
      <Filter>kxf\System</Filter>
    </ClInclude>
    <ClInclude Include="kxf\System\SystemProcess.h">
      <Filter>kxf\System</Filter>
    </ClInclude>
    <ClInclude Include="kxf\System\CFunction.h">
      <Filter>kxf\System\&lt;CFunction&gt;</Filter>
    </ClInclude>
    <ClInclude Include="kxf\System\SystemWindow.h">
      <Filter>kxf\System</Filter>
    </ClInclude>
    <ClInclude Include="kxf\wxWidgets\StringFormatters.h">
      <Filter>kxf\wxWidgets</Filter>
    </ClInclude>
    <ClInclude Include="kxf\Core\Async\Coroutine.h">
      <Filter>kxf\Core\Async</Filter>
    </ClInclude>
    <ClInclude Include="kxf\Core\Async\DelayedCall.h">
      <Filter>kxf\Core\Async</Filter>
    </ClInclude>
    <ClInclude Include="kxf\Core\Async\Coroutine\Coroutine.h">
      <Filter>kxf\Core\Async\Coroutine</Filter>
    </ClInclude>
    <ClInclude Include="kxf\Core\Async\Coroutine\CoroutineImpl.h">
      <Filter>kxf\Core\Async\Coroutine</Filter>
    </ClInclude>
    <ClInclude Include="kxf\Core\Async\Coroutine\YieldInstruction.h">
      <Filter>kxf\Core\Async\Coroutine</Filter>
    </ClInclude>
    <ClInclude Include="kxf\Core\Async\Common.h">
      <Filter>kxf\Core\Async</Filter>
    </ClInclude>
    <ClInclude Include="kxf\Core\Async.h">
      <Filter>kxf\Core</Filter>
    </ClInclude>
    <ClInclude Include="kxf\wxWidgets\String.h">
      <Filter>kxf\wxWidgets</Filter>
    </ClInclude>
    <ClInclude Include="kxf\Core\Private\Format.h">
      <Filter>kxf\Core\Private</Filter>
    </ClInclude>
    <ClInclude Include="kxf\Core\IAsyncTask.h">
      <Filter>kxf\Core</Filter>
    </ClInclude>
    <ClInclude Include="kxf\Core\IAsyncTaskExecutor.h">
      <Filter>kxf\Core</Filter>
    </ClInclude>
    <ClInclude Include="kxf\Core\Async\DefaultAsyncTaskExecutor.h">
      <Filter>kxf\Core\Async</Filter>
    </ClInclude>
    <ClInclude Include="kxf\Core\Async\DefaultAsyncTask.h">
      <Filter>kxf\Core\Async</Filter>
    </ClInclude>
    <ClInclude Include="kxf\Core\Private\String.h">
      <Filter>kxf\Core\Private</Filter>
    </ClInclude>
    <ClInclude Include="kxf\wxWidgets\StandardLocalization.h">
      <Filter>kxf\wxWidgets</Filter>
    </ClInclude>
    <ClInclude Include="kxf\+PCH\kxf-pch.h">
      <Filter>kxf/+PCH</Filter>
    </ClInclude>
    <ClInclude Include="kxf\+Resources\kxf-resources.h">
      <Filter>kxf/+Resources</Filter>
    </ClInclude>
    <ClInclude Include="kxf\Win32\WrapperUnicode.h">
      <Filter>kxf\Win32</Filter>
    </ClInclude>
    <ClInclude Include="kxf\Win32\WrapperMemory.h">
      <Filter>kxf\Win32</Filter>
    </ClInclude>
    <ClInclude Include="kxf\Win32\UndefMacros.h">
      <Filter>kxf\Win32</Filter>
    </ClInclude>
    <ClInclude Include="kxf\Win32\LinkLibs-DirectX.h">
      <Filter>kxf\Win32</Filter>
    </ClInclude>
    <ClInclude Include="kxf\Win32\LinkLibs-Media.h">
      <Filter>kxf\Win32</Filter>
    </ClInclude>
    <ClInclude Include="kxf\Win32\LinkLibs-System.h">
      <Filter>kxf\Win32</Filter>
    </ClInclude>
    <ClInclude Include="kxf\Win32\LinkLibs-GUI.h">
      <Filter>kxf\Win32</Filter>
    </ClInclude>
    <ClInclude Include="kxf\Win32\LinkLibs-Network.h">
      <Filter>kxf\Win32</Filter>
    </ClInclude>
    <ClInclude Include="kxf\Win32\LinkLibs-Crypto.h">
      <Filter>kxf\Win32</Filter>
    </ClInclude>
    <ClInclude Include="kxf\Win32\Include-DirectX.h">
      <Filter>kxf\Win32</Filter>
    </ClInclude>
    <ClInclude Include="kxf\Win32\LinkLibs-COM.h">
      <Filter>kxf\Win32</Filter>
    </ClInclude>
    <ClInclude Include="kxf\Core\StdIcon.h">
      <Filter>kxf\Core</Filter>
    </ClInclude>
    <ClInclude Include="kxf\wxWidgets\MapConstants.h">
      <Filter>kxf\wxWidgets</Filter>
    </ClInclude>
    <ClInclude Include="kxf\Core\StdButton.h">
      <Filter>kxf\Core</Filter>
    </ClInclude>
    <ClInclude Include="kxf\Core\KeyCode.h">
      <Filter>kxf\Core</Filter>
    </ClInclude>
    <ClInclude Include="kxf\Core\MouseState.h">
      <Filter>kxf\Core</Filter>
    </ClInclude>
    <ClInclude Include="kxf\Core\KeyboardState.h">
      <Filter>kxf\Core</Filter>
    </ClInclude>
    <ClInclude Include="kxf\Utility\RecursionGuard.h">
      <Filter>kxf\Utility</Filter>
    </ClInclude>
    <ClInclude Include="kxf\Application\Private\Win32CommonEventLoop.h">
      <Filter>kxf\Application\Private</Filter>
    </ClInclude>
    <ClInclude Include="kxf\Application\Private\Win32ConsoleEventLoop.h">
      <Filter>kxf\Application\Private</Filter>
    </ClInclude>
    <ClInclude Include="kxf\Application\Private\CommonEventLoop.h">
      <Filter>kxf\Application\Private</Filter>
    </ClInclude>
    <ClInclude Include="kxf\Application\IEventLoop.h">
      <Filter>kxf\Application</Filter>
    </ClInclude>
    <ClInclude Include="kxf\DateTime\Common.h">
      <Filter>kxf\DateTime</Filter>
    </ClInclude>
    <ClInclude Include="kxf\DateTime\DateSpan.h">
      <Filter>kxf\DateTime</Filter>
    </ClInclude>
    <ClInclude Include="kxf\DateTime\DateTime.h">
      <Filter>kxf\DateTime</Filter>
    </ClInclude>
    <ClInclude Include="kxf\DateTime\ITimeClock.h">
      <Filter>kxf\DateTime</Filter>
    </ClInclude>
    <ClInclude Include="kxf\DateTime\TimeClock.h">
      <Filter>kxf\DateTime</Filter>
    </ClInclude>
    <ClInclude Include="kxf\DateTime\TimeSpan.h">
      <Filter>kxf\DateTime</Filter>
    </ClInclude>
    <ClInclude Include="kxf\DateTime\TimeZone.h">
      <Filter>kxf\DateTime</Filter>
    </ClInclude>
    <ClInclude Include="kxf\wxWidgets\MapDateTime.h">
      <Filter>kxf\wxWidgets</Filter>
    </ClInclude>
    <ClInclude Include="kxf\DateTime\ITimer.h">
      <Filter>kxf\DateTime</Filter>
    </ClInclude>
    <ClInclude Include="kxf\DateTime\TimerEvent.h">
      <Filter>kxf\DateTime</Filter>
    </ClInclude>
    <ClInclude Include="kxf\DateTime\SimpleTimer.h">
      <Filter>kxf\DateTime</Filter>
    </ClInclude>
    <ClInclude Include="kxf\System\SystemWindow\AnonymousSystemWindow.h">
      <Filter>kxf\System\SystemWindow</Filter>
    </ClInclude>
    <ClInclude Include="kxf\wxWidgets\ApplicationWrapperConsole.h">
      <Filter>kxf\wxWidgets</Filter>
    </ClInclude>
    <ClInclude Include="kxf\Win32\Include-Shell.h">
      <Filter>kxf\Win32</Filter>
    </ClInclude>
    <ClInclude Include="kxf\wxWidgets\MapDrawing.h">
      <Filter>kxf\wxWidgets</Filter>
    </ClInclude>
    <ClInclude Include="kxf\wxWidgets\MapCore.h">
      <Filter>kxf\wxWidgets</Filter>
    </ClInclude>
    <ClInclude Include="kxf\Win32\Include-GUI.h">
      <Filter>kxf\Win32</Filter>
    </ClInclude>
    <ClInclude Include="kxf\Drawing\IGDIObject.h">
      <Filter>kxf\Drawing</Filter>
    </ClInclude>
    <ClInclude Include="kxf\Drawing\GDIRenderer\GDIIcon.h">
      <Filter>kxf\Drawing\GDIRenderer</Filter>
    </ClInclude>
    <ClInclude Include="kxf\Drawing\GDIRenderer\GDIBitmap.h">
      <Filter>kxf\Drawing\GDIRenderer</Filter>
    </ClInclude>
    <ClInclude Include="kxf\Drawing\GDIRenderer\GDICursor.h">
      <Filter>kxf\Drawing\GDIRenderer</Filter>
    </ClInclude>
    <ClInclude Include="kxf\Drawing\GDIRenderer\GDIFont.h">
      <Filter>kxf\Drawing\GDIRenderer</Filter>
    </ClInclude>
    <ClInclude Include="kxf\Drawing\GDIRenderer\Common.h">
      <Filter>kxf\Drawing\GDIRenderer</Filter>
    </ClInclude>
    <ClInclude Include="kxf\Drawing\GDIRenderer\Private.h">
      <Filter>kxf\Drawing\GDIRenderer</Filter>
    </ClInclude>
    <ClInclude Include="kxf\wxWidgets\Setup-IncludeBasic.h">
      <Filter>kxf\wxWidgets</Filter>
    </ClInclude>
    <ClInclude Include="kxf\Win32\Include-Network.h">
      <Filter>kxf\Win32</Filter>
    </ClInclude>
    <ClInclude Include="kxf\Utility\ConstEvalString.h">
      <Filter>kxf\Utility</Filter>
    </ClInclude>
    <ClInclude Include="kxf\wxWidgets\MapIO.h">
      <Filter>kxf\wxWidgets</Filter>
    </ClInclude>
    <ClInclude Include="kxf\wxWidgets\Setup-IncludeWarnings.h">
      <Filter>kxf\wxWidgets</Filter>
    </ClInclude>
    <ClInclude Include="kxf\wxWidgets\MapEventSystem.h">
      <Filter>kxf\wxWidgets</Filter>
    </ClInclude>
  </ItemGroup>
  <ItemGroup>
    <ClCompile Include="kxf\EventSystem\EventBuilder.cpp">
      <Filter>kxf\EventSystem</Filter>
    </ClCompile>
    <ClCompile Include="kxf\EventSystem\EventHandlerStack.cpp">
      <Filter>kxf\EventSystem</Filter>
    </ClCompile>
    <ClCompile Include="kxf\FileSystem\FSPath.cpp">
      <Filter>kxf\FileSystem</Filter>
    </ClCompile>
    <ClCompile Include="kxf\FileSystem\Common.cpp">
      <Filter>kxf\FileSystem</Filter>
    </ClCompile>
    <ClCompile Include="kxf\FileSystem\FileOperations.cpp">
      <Filter>kxf\FileSystem</Filter>
    </ClCompile>
    <ClCompile Include="kxf\Core\DataSize.cpp">
      <Filter>kxf\Core</Filter>
    </ClCompile>
    <ClCompile Include="kxf\FileSystem\FileItem.cpp">
      <Filter>kxf\FileSystem</Filter>
    </ClCompile>
    <ClCompile Include="kxf\FileSystem\NativeFileSystem.cpp">
      <Filter>kxf\FileSystem</Filter>
    </ClCompile>
    <ClCompile Include="kxf\FileSystem\LegacyVolume.cpp">
      <Filter>kxf\FileSystem</Filter>
    </ClCompile>
    <ClCompile Include="kxf\FileSystem\StorageVolume.cpp">
      <Filter>kxf\FileSystem</Filter>
    </ClCompile>
    <ClCompile Include="kxf\FileSystem\RecycleBin.cpp">
      <Filter>kxf\FileSystem</Filter>
    </ClCompile>
    <ClCompile Include="kxf\Compression\ZLibStream.cpp">
      <Filter>kxf\Compression</Filter>
    </ClCompile>
    <ClCompile Include="kxf\Compression\LZ4Stream.cpp">
      <Filter>kxf\Compression</Filter>
    </ClCompile>
    <ClCompile Include="kxf\Core\Version.cpp">
      <Filter>kxf\Core</Filter>
    </ClCompile>
    <ClCompile Include="kxf\Core\Private\VersionImpl.cpp">
      <Filter>kxf\Core\Private</Filter>
    </ClCompile>
    <ClCompile Include="kxf\Core\Any.cpp">
      <Filter>kxf\Core</Filter>
    </ClCompile>
    <ClCompile Include="kxf\Core\UniversallyUniqueID.cpp">
      <Filter>kxf\Core</Filter>
    </ClCompile>
    <ClCompile Include="kxf\Core\String.cpp">
      <Filter>kxf\Core</Filter>
    </ClCompile>
    <ClCompile Include="kxf\System\NativeAPI.cpp">
      <Filter>kxf\System</Filter>
    </ClCompile>
    <ClCompile Include="kxf\System\SystemInformation.cpp">
      <Filter>kxf\System</Filter>
    </ClCompile>
    <ClCompile Include="kxf\System\CredentialStore.cpp">
      <Filter>kxf\System</Filter>
    </ClCompile>
    <ClCompile Include="kxf\Crypto\Crypto.cpp">
      <Filter>kxf\Crypto</Filter>
    </ClCompile>
    <ClCompile Include="kxf\Crypto\Common.cpp">
      <Filter>kxf\Crypto</Filter>
    </ClCompile>
    <ClCompile Include="kxf\Crypto\SecretValue.cpp">
      <Filter>kxf\Crypto</Filter>
    </ClCompile>
    <ClCompile Include="kxf\System\Registry.cpp">
      <Filter>kxf\System</Filter>
    </ClCompile>
    <ClCompile Include="kxf\Network\Common.cpp">
      <Filter>kxf\Network</Filter>
    </ClCompile>
    <ClCompile Include="kxf\Utility\String.cpp">
      <Filter>kxf\Utility</Filter>
    </ClCompile>
    <ClCompile Include="kxf\Network\URI.cpp">
      <Filter>kxf\Network</Filter>
    </ClCompile>
    <ClCompile Include="kxf\Drawing\Common.cpp">
      <Filter>kxf\Drawing</Filter>
    </ClCompile>
    <ClCompile Include="kxf\Core\Math.cpp">
      <Filter>kxf\Core</Filter>
    </ClCompile>
    <ClCompile Include="kxf\System\DPIAwareness.cpp">
      <Filter>kxf\System</Filter>
    </ClCompile>
    <ClCompile Include="kxf\System\WOW64FSRedirection.cpp">
      <Filter>kxf\System</Filter>
    </ClCompile>
    <ClCompile Include="kxf\Localization\Common.cpp">
      <Filter>kxf\Localization</Filter>
    </ClCompile>
    <ClCompile Include="kxf\Localization\Locale.cpp">
      <Filter>kxf\Localization</Filter>
    </ClCompile>
    <ClCompile Include="kxf\Localization\Private\LocaleOptions.cpp">
      <Filter>kxf\Localization\Private</Filter>
    </ClCompile>
    <ClCompile Include="kxf\System\Private\Shell.cpp">
      <Filter>kxf\System\Private</Filter>
    </ClCompile>
    <ClCompile Include="kxf\System\TaskScheduler.cpp">
      <Filter>kxf\System</Filter>
    </ClCompile>
    <ClCompile Include="kxf\System\DynamicLibrary.cpp">
      <Filter>kxf\System</Filter>
    </ClCompile>
    <ClCompile Include="kxf\System\Private\System.cpp">
      <Filter>kxf\System\Private</Filter>
    </ClCompile>
    <ClCompile Include="kxf\System\ExecutableVersionResource.cpp">
      <Filter>kxf\System</Filter>
    </ClCompile>
    <ClCompile Include="kxf\System\SystemProcess\RunningSystemProcess.cpp">
      <Filter>kxf\System\SystemProcess</Filter>
    </ClCompile>
    <ClCompile Include="kxf\System\SystemProcess\SystemProcessInfo.cpp">
      <Filter>kxf\System\SystemProcess</Filter>
    </ClCompile>
    <ClCompile Include="kxf\System\SystemProcess\RunningSystemProcessStdIO.cpp">
      <Filter>kxf\System\SystemProcess</Filter>
    </ClCompile>
    <ClCompile Include="kxf\System\SystemProcess\CreateProcessExecutor.cpp">
      <Filter>kxf\System\SystemProcess</Filter>
    </ClCompile>
    <ClCompile Include="kxf\Utility\Memory.cpp">
      <Filter>kxf\Utility</Filter>
    </ClCompile>
    <ClCompile Include="kxf\Utility\Drawing.cpp">
      <Filter>kxf\Utility</Filter>
    </ClCompile>
    <ClCompile Include="kxf\System\UserName.cpp">
      <Filter>kxf\System</Filter>
    </ClCompile>
    <ClCompile Include="kxf\System\SystemAppearance.cpp">
      <Filter>kxf\System</Filter>
    </ClCompile>
    <ClCompile Include="kxf\System\DynamicLibraryEvent.cpp">
      <Filter>kxf\System</Filter>
    </ClCompile>
    <ClCompile Include="kxf\FileSystem\Private\NativeFSUtility.cpp">
      <Filter>kxf\FileSystem\Private</Filter>
    </ClCompile>
    <ClCompile Include="kxf\Core\LocallyUniqueID.cpp">
      <Filter>kxf\Core</Filter>
    </ClCompile>
    <ClCompile Include="kxf\Compression\SevenZip\Common.cpp">
      <Filter>kxf\Compression\SevenZip</Filter>
    </ClCompile>
    <ClCompile Include="kxf\Compression\SevenZip\Private\Utility.cpp">
      <Filter>kxf\Compression\SevenZip\Private</Filter>
    </ClCompile>
    <ClCompile Include="kxf\Compression\SevenZip\Private\InStreamWrapper.cpp">
      <Filter>kxf\Compression\SevenZip\Private\&lt;Streams&gt;</Filter>
    </ClCompile>
    <ClCompile Include="kxf\Compression\SevenZip\Private\OutStreamWrapper.cpp">
      <Filter>kxf\Compression\SevenZip\Private\&lt;Streams&gt;</Filter>
    </ClCompile>
    <ClCompile Include="kxf\Compression\SevenZip\Private\ArchiveExtractCallback.cpp">
      <Filter>kxf\Compression\SevenZip\Private\&lt;Callbacks&gt;</Filter>
    </ClCompile>
    <ClCompile Include="kxf\Compression\SevenZip\Private\ArchiveOpenCallback.cpp">
      <Filter>kxf\Compression\SevenZip\Private\&lt;Callbacks&gt;</Filter>
    </ClCompile>
    <ClCompile Include="kxf\Compression\SevenZip\Private\ArchiveUpdateCallback.cpp">
      <Filter>kxf\Compression\SevenZip\Private\&lt;Callbacks&gt;</Filter>
    </ClCompile>
    <ClCompile Include="kxf\Compression\SevenZip\Private\PasswordHandler.cpp">
      <Filter>kxf\Compression\SevenZip\Private</Filter>
    </ClCompile>
    <ClCompile Include="kxf\Compression\SevenZip\Library.cpp">
      <Filter>kxf\Compression\SevenZip</Filter>
    </ClCompile>
    <ClCompile Include="kxf\Compression\SevenZip\Archive.cpp">
      <Filter>kxf\Compression\SevenZip</Filter>
    </ClCompile>
    <ClCompile Include="kxf\Threading\CriticalSection.cpp">
      <Filter>kxf\Threading</Filter>
    </ClCompile>
    <ClCompile Include="kxf\IO\Common.cpp">
      <Filter>kxf\IO</Filter>
    </ClCompile>
    <ClCompile Include="kxf\IO\MemoryStream.cpp">
      <Filter>kxf\IO</Filter>
    </ClCompile>
    <ClCompile Include="kxf\Serialization\TextDocument.cpp">
      <Filter>kxf\Serialization</Filter>
    </ClCompile>
    <ClCompile Include="kxf\Serialization\XDocument.cpp">
      <Filter>kxf\Serialization</Filter>
    </ClCompile>
    <ClCompile Include="kxf\Serialization\HTML\HTMLNode.cpp">
      <Filter>kxf\Serialization\HTML</Filter>
    </ClCompile>
    <ClCompile Include="kxf\Serialization\HTML\HTMLDocument.cpp">
      <Filter>kxf\Serialization\HTML</Filter>
    </ClCompile>
    <ClCompile Include="kxf\Serialization\XML\XMLNode.cpp">
      <Filter>kxf\Serialization\XML</Filter>
    </ClCompile>
    <ClCompile Include="kxf\Serialization\XML\XMLAttribute.cpp">
      <Filter>kxf\Serialization\XML</Filter>
    </ClCompile>
    <ClCompile Include="kxf\Serialization\XML\XMLDocument.cpp">
      <Filter>kxf\Serialization\XML</Filter>
    </ClCompile>
    <ClCompile Include="kxf\Serialization\INI\INIDocument.cpp">
      <Filter>kxf\Serialization\INI</Filter>
    </ClCompile>
    <ClCompile Include="kxf\Serialization\JSON\JSONDocument.cpp">
      <Filter>kxf\Serialization\JSON</Filter>
    </ClCompile>
    <ClCompile Include="kxf\Serialization\HTML\Private\serialize.cpp">
      <Filter>kxf\Serialization\HTML\Private</Filter>
    </ClCompile>
    <ClCompile Include="kxf\Serialization\HTML\Private\clean_text.cpp">
      <Filter>kxf\Serialization\HTML\Private</Filter>
    </ClCompile>
    <ClCompile Include="kxf\EventSystem\EventID.cpp">
      <Filter>kxf\EventSystem</Filter>
    </ClCompile>
    <ClCompile Include="kxf\Threading\ReadWriteLock.cpp">
      <Filter>kxf\Threading</Filter>
    </ClCompile>
    <ClCompile Include="kxf\EventSystem\EvtHandler.cpp">
      <Filter>kxf\EventSystem</Filter>
    </ClCompile>
    <ClCompile Include="kxf\Threading\Common.cpp">
      <Filter>kxf\Threading</Filter>
    </ClCompile>
    <ClCompile Include="kxf\Threading\SynchronizedCondition.cpp">
      <Filter>kxf\Threading</Filter>
    </ClCompile>
    <ClCompile Include="kxf\Application\ApplicationInitializer.cpp">
      <Filter>kxf\Application</Filter>
    </ClCompile>
    <ClCompile Include="kxf\Application\CoreApplication.cpp">
      <Filter>kxf\Application</Filter>
    </ClCompile>
    <ClCompile Include="kxf\Application\ICoreApplication.cpp">
      <Filter>kxf\Application</Filter>
    </ClCompile>
    <ClCompile Include="kxf\Application\Private\Utility.cpp">
      <Filter>kxf\Application\Private</Filter>
    </ClCompile>
    <ClCompile Include="kxf\EventSystem\EventBroadcastProcessor.cpp">
      <Filter>kxf\EventSystem</Filter>
    </ClCompile>
    <ClCompile Include="kxf\Localization\AndroidLocalizationPackage.cpp">
      <Filter>kxf\Localization</Filter>
    </ClCompile>
    <ClCompile Include="kxf\Localization\WindowsLocalizationPackage.cpp">
      <Filter>kxf\Localization</Filter>
    </ClCompile>
    <ClCompile Include="kxf\Localization\Private\LocalizationPackageHelper.cpp">
      <Filter>kxf\Localization\Private</Filter>
    </ClCompile>
    <ClCompile Include="kxf\Localization\LocalizationItem.cpp">
      <Filter>kxf\Localization</Filter>
    </ClCompile>
    <ClCompile Include="kxf\Localization\ILocalizationPackage.cpp">
      <Filter>kxf\Localization</Filter>
    </ClCompile>
    <ClCompile Include="kxf\IO\IStream.cpp">
      <Filter>kxf\IO</Filter>
    </ClCompile>
    <ClCompile Include="kxf\FileSystem\IFileSystem.cpp">
      <Filter>kxf\FileSystem</Filter>
    </ClCompile>
    <ClCompile Include="kxf\wxWidgets\StreamWrapper.cpp">
      <Filter>kxf\wxWidgets</Filter>
    </ClCompile>
    <ClCompile Include="kxf\IO\NativeFileStream.cpp">
      <Filter>kxf\IO</Filter>
    </ClCompile>
    <ClCompile Include="kxf\System\Private\ErrorCode.cpp">
      <Filter>kxf\System\Private</Filter>
    </ClCompile>
    <ClCompile Include="kxf\Localization\QtLocalizationPackage.cpp">
      <Filter>kxf\Localization</Filter>
    </ClCompile>
    <ClCompile Include="kxf\Log\Common.cpp">
      <Filter>kxf\Log</Filter>
    </ClCompile>
    <ClCompile Include="kxf\Drawing\SizeRatio.cpp">
      <Filter>kxf\Drawing</Filter>
    </ClCompile>
    <ClCompile Include="kxf\Drawing\Color.cpp">
      <Filter>kxf\Drawing</Filter>
    </ClCompile>
    <ClCompile Include="kxf\Drawing\ImageBundle.cpp">
      <Filter>kxf\Drawing</Filter>
    </ClCompile>
    <ClCompile Include="kxf\Drawing\Font.cpp">
      <Filter>kxf\Drawing</Filter>
    </ClCompile>
    <ClCompile Include="kxf\Drawing\Private\SVGImageHandler.cpp">
      <Filter>kxf\Drawing\Private</Filter>
    </ClCompile>
    <ClCompile Include="kxf\Drawing\BitmapImage.cpp">
      <Filter>kxf\Drawing</Filter>
    </ClCompile>
    <ClCompile Include="kxf\Drawing\SVGImage.cpp">
      <Filter>kxf\Drawing</Filter>
    </ClCompile>
    <ClCompile Include="kxf\Core\ErrorCode.cpp">
      <Filter>kxf\Core</Filter>
    </ClCompile>
    <ClCompile Include="kxf\Core\CombinedVariableCollection.cpp">
      <Filter>kxf\Core\&lt;VariableCollection&gt;</Filter>
    </ClCompile>
    <ClCompile Include="kxf\Core\DynamicVariableCollection.cpp">
      <Filter>kxf\Core\&lt;VariableCollection&gt;</Filter>
    </ClCompile>
    <ClCompile Include="kxf\Core\StaticVariableCollection.cpp">
      <Filter>kxf\Core\&lt;VariableCollection&gt;</Filter>
    </ClCompile>
    <ClCompile Include="kxf\Core\IVariableCollection.cpp">
      <Filter>kxf\Core\&lt;VariableCollection&gt;</Filter>
    </ClCompile>
    <ClCompile Include="kxf\RTTI\ClassInfo.cpp">
      <Filter>kxf\RTTI</Filter>
    </ClCompile>
    <ClCompile Include="kxf\RTTI\IObject.cpp">
      <Filter>kxf\RTTI</Filter>
    </ClCompile>
    <ClCompile Include="kxf\RTTI\IID.cpp">
      <Filter>kxf\RTTI</Filter>
    </ClCompile>
    <ClCompile Include="kxf\RTTI\Common.cpp">
      <Filter>kxf\RTTI</Filter>
    </ClCompile>
    <ClCompile Include="kxf\Localization\LocalizationPackageStack.cpp">
      <Filter>kxf\Localization</Filter>
    </ClCompile>
    <ClCompile Include="kxf\System\WMI.cpp">
      <Filter>kxf\System</Filter>
    </ClCompile>
    <ClCompile Include="kxf\Core\ResourceID.cpp">
      <Filter>kxf\Core</Filter>
    </ClCompile>
    <ClCompile Include="kxf\Network\CURLWebSession\CURLWebRequest.cpp">
      <Filter>kxf\Network\CURLWebSession</Filter>
    </ClCompile>
    <ClCompile Include="kxf\Network\CURLWebSession\CURLWebResponse.cpp">
      <Filter>kxf\Network\CURLWebSession</Filter>
    </ClCompile>
    <ClCompile Include="kxf\Network\CURLWebSession\CURLWebSession.cpp">
      <Filter>kxf\Network\CURLWebSession</Filter>
    </ClCompile>
    <ClCompile Include="kxf\Network\CURLWebSession\LibCURLUtility.cpp">
      <Filter>kxf\Network\CURLWebSession</Filter>
    </ClCompile>
    <ClCompile Include="kxf\Network\CURLWebSession\CURLWebAuthChallenge.cpp">
      <Filter>kxf\Network\CURLWebSession</Filter>
    </ClCompile>
    <ClCompile Include="kxf\Network\WebRequest\IWebRequestOptions.cpp">
      <Filter>kxf\Network\WebRequest</Filter>
    </ClCompile>
    <ClCompile Include="kxf\Network\WebRequest\IWebResponse.cpp">
      <Filter>kxf\Network\WebRequest</Filter>
    </ClCompile>
    <ClCompile Include="kxf\Network\WebRequest\WebRequestHeader.cpp">
      <Filter>kxf\Network\WebRequest</Filter>
    </ClCompile>
    <ClCompile Include="kxf\Network\WebRequest\IWebAuthChallenge.cpp">
      <Filter>kxf\Network\WebRequest</Filter>
    </ClCompile>
    <ClCompile Include="kxf\Utility\SoftwareLicenseDB.cpp">
      <Filter>kxf\Utility</Filter>
    </ClCompile>
    <ClCompile Include="kxf\Network\Private\BasicWebSession.cpp">
      <Filter>kxf\Network\Private</Filter>
    </ClCompile>
    <ClCompile Include="kxf\Network\WSPPWebSession\WSPPWebRequest.cpp">
      <Filter>kxf\Network\WSPPWebSession</Filter>
    </ClCompile>
    <ClCompile Include="kxf\Network\WSPPWebSession\WSPPWebResponse.cpp">
      <Filter>kxf\Network\WSPPWebSession</Filter>
    </ClCompile>
    <ClCompile Include="kxf\Network\WSPPWebSession\WSPPWebSession.cpp">
      <Filter>kxf\Network\WSPPWebSession</Filter>
    </ClCompile>
    <ClCompile Include="kxf\Serialization\BinarySerializer.cpp">
      <Filter>kxf\Serialization</Filter>
    </ClCompile>
    <ClCompile Include="kxf\Core\NativeUUID.cpp">
      <Filter>kxf\Core</Filter>
    </ClCompile>
    <ClCompile Include="kxf\RPC\SharedMemory.cpp">
      <Filter>kxf\RPC</Filter>
    </ClCompile>
    <ClCompile Include="kxf\Threading\Mutex.cpp">
      <Filter>kxf\Threading</Filter>
    </ClCompile>
    <ClCompile Include="kxf\IO\MemoryStreamBuffer.cpp">
      <Filter>kxf\IO</Filter>
    </ClCompile>
    <ClCompile Include="kxf\Crypto\HashValue.cpp">
      <Filter>kxf\Crypto</Filter>
    </ClCompile>
    <ClCompile Include="kxf\Core\RegEx.cpp">
      <Filter>kxf\Core</Filter>
    </ClCompile>
    <ClCompile Include="kxf\IO\StreamReaderWriter.cpp">
      <Filter>kxf\IO</Filter>
    </ClCompile>
    <ClCompile Include="kxf\Application\CommandLineParser.cpp">
      <Filter>kxf\Application</Filter>
    </ClCompile>
    <ClCompile Include="kxf\Log\Private\WxOverride.cpp">
      <Filter>kxf\Log\Private</Filter>
    </ClCompile>
    <ClCompile Include="kxf\Network\WebRequest.cpp">
      <Filter>kxf\Network</Filter>
    </ClCompile>
    <ClCompile Include="kxf\Drawing\Geometry.cpp">
      <Filter>kxf\Drawing</Filter>
    </ClCompile>
    <ClCompile Include="kxf\Core\StupidMemoryAllocator.cpp">
      <Filter>kxf\Core</Filter>
    </ClCompile>
    <ClCompile Include="kxf\Log\ScopedLogger.cpp">
      <Filter>kxf\Log</Filter>
    </ClCompile>
    <ClCompile Include="kxf\System\SystemThread\SystemThreadInfo.cpp">
      <Filter>kxf\System\SystemThread</Filter>
    </ClCompile>
    <ClCompile Include="kxf\Threading\ThreadLocalSlot.cpp">
      <Filter>kxf\Threading</Filter>
    </ClCompile>
    <ClCompile Include="kxf\System\SystemThread\ISystemThread.cpp">
      <Filter>kxf\System\SystemThread</Filter>
    </ClCompile>
    <ClCompile Include="kxf\System\SystemThread\RunningSystemThread.cpp">
      <Filter>kxf\System\SystemThread</Filter>
    </ClCompile>
    <ClCompile Include="kxf\Log\ScopedLoggerTarget.cpp">
      <Filter>kxf\Log</Filter>
    </ClCompile>
    <ClCompile Include="kxf\Log\ScopedLoggerContext.cpp">
      <Filter>kxf\Log</Filter>
    </ClCompile>
    <ClCompile Include="kxf\Core\StandardAllocator.cpp">
      <Filter>kxf\Core</Filter>
    </ClCompile>
    <ClCompile Include="kxf\Core\Private\ErrorCode.cpp">
      <Filter>kxf\Core\Private</Filter>
    </ClCompile>
    <ClCompile Include="kxf\Core\EncodingConverter\WhateverWorksEncodingConverter.cpp">
      <Filter>kxf\Core\EncodingConverter</Filter>
    </ClCompile>
    <ClCompile Include="kxf\Core\EncodingConverter\NativeEncodingConverter.cpp">
      <Filter>kxf\Core\EncodingConverter</Filter>
    </ClCompile>
    <ClCompile Include="kxf\Core\IEncodingConverter.cpp">
      <Filter>kxf\Core</Filter>
    </ClCompile>
    <ClCompile Include="kxf\Core\UniChar.cpp">
      <Filter>kxf\Core</Filter>
    </ClCompile>
    <ClCompile Include="kxf\Application\AttachedApplication.cpp">
      <Filter>kxf\Application</Filter>
    </ClCompile>
    <ClCompile Include="kxf\RPC\SystemWindowRPC\SystemWindowRPCClient.cpp">
      <Filter>kxf\RPC\SystemWindowRPC</Filter>
    </ClCompile>
    <ClCompile Include="kxf\RPC\SystemWindowRPC\SystemWindowRPCEvent.cpp">
      <Filter>kxf\RPC\SystemWindowRPC</Filter>
    </ClCompile>
    <ClCompile Include="kxf\RPC\SystemWindowRPC\SystemWindowRPCServer.cpp">
      <Filter>kxf\RPC\SystemWindowRPC</Filter>
    </ClCompile>
    <ClCompile Include="kxf\RPC\SystemWindowRPC\Private\SystemWindowRPCExchanger.cpp">
      <Filter>kxf\RPC\SystemWindowRPC\Private</Filter>
    </ClCompile>
    <ClCompile Include="kxf\RPC\SystemWindowRPC\Private\SystemWindowRPCExchangerTarget.cpp">
      <Filter>kxf\RPC\SystemWindowRPC</Filter>
    </ClCompile>
    <ClCompile Include="kxf\System\HResult.cpp">
      <Filter>kxf\System\&lt;ErrorCode&gt;</Filter>
    </ClCompile>
    <ClCompile Include="kxf\System\Win32Error.cpp">
      <Filter>kxf\System\&lt;ErrorCode&gt;</Filter>
    </ClCompile>
    <ClCompile Include="kxf\System\NtStatus.cpp">
      <Filter>kxf\System\&lt;ErrorCode&gt;</Filter>
    </ClCompile>
    <ClCompile Include="kxf\System\COM.cpp">
      <Filter>kxf\System\&lt;COM&gt;</Filter>
    </ClCompile>
    <ClCompile Include="kxf\System\SafeArray.cpp">
      <Filter>kxf\System\&lt;COM&gt;</Filter>
    </ClCompile>
    <ClCompile Include="kxf\System\VariantProperty.cpp">
      <Filter>kxf\System\&lt;COM&gt;</Filter>
    </ClCompile>
    <ClCompile Include="kxf\System\CFunctionCompiler.cpp">
      <Filter>kxf\System\&lt;CFunction&gt;</Filter>
    </ClCompile>
    <ClCompile Include="kxf\System\CFunctionHook.cpp">
      <Filter>kxf\System\&lt;CFunction&gt;</Filter>
    </ClCompile>
    <ClCompile Include="kxf\System\ShellFileType.cpp">
      <Filter>kxf\System\&lt;Shell&gt;</Filter>
    </ClCompile>
    <ClCompile Include="kxf\System\ShellFileTypeInfo.cpp">
      <Filter>kxf\System\&lt;Shell&gt;</Filter>
    </ClCompile>
    <ClCompile Include="kxf\System\ShellFileTypeManager.cpp">
      <Filter>kxf\System\&lt;Shell&gt;</Filter>
    </ClCompile>
    <ClCompile Include="kxf\System\ShellLink.cpp">
      <Filter>kxf\System\&lt;Shell&gt;</Filter>
    </ClCompile>
    <ClCompile Include="kxf\System\ShellOperations.cpp">
      <Filter>kxf\System\&lt;Shell&gt;</Filter>
    </ClCompile>
    <ClCompile Include="kxf\System\SystemWindow.cpp">
      <Filter>kxf\System</Filter>
    </ClCompile>
    <ClCompile Include="kxf\System\SystemThread.cpp">
      <Filter>kxf\System</Filter>
    </ClCompile>
    <ClCompile Include="kxf\System\SystemProcess.cpp">
      <Filter>kxf\System</Filter>
    </ClCompile>
    <ClCompile Include="kxf\System\SystemWindow\SystemWindow.cpp">
      <Filter>kxf\System\SystemWindow</Filter>
    </ClCompile>
    <ClCompile Include="kxf\Drawing\ImageDefines.cpp">
      <Filter>kxf\Drawing</Filter>
    </ClCompile>
    <ClCompile Include="kxf\Core\Async\Coroutine\CoroutineImpl.cpp">
      <Filter>kxf\Core\Async\Coroutine</Filter>
    </ClCompile>
    <ClCompile Include="kxf\Core\Private\Format.cpp">
      <Filter>kxf\Core\Private</Filter>
    </ClCompile>
    <ClCompile Include="kxf\Core\Async\DefaultAsyncTaskExecutor.cpp">
      <Filter>kxf\Core\Async</Filter>
    </ClCompile>
    <ClCompile Include="kxf\wxWidgets\StandardLocalization.cpp">
      <Filter>kxf\wxWidgets</Filter>
    </ClCompile>
    <ClCompile Include="kxf\Core\CallbackFunction.cpp">
      <Filter>kxf\Core</Filter>
    </ClCompile>
    <ClCompile Include="kxf\+PCH\kxf-pch.cpp">
      <Filter>kxf/+PCH</Filter>
    </ClCompile>
    <ClCompile Include="kxf\wxWidgets\MapConstants.cpp">
      <Filter>kxf\wxWidgets</Filter>
    </ClCompile>
    <ClCompile Include="kxf\Core\KeyboardState.cpp">
      <Filter>kxf\Core</Filter>
    </ClCompile>
    <ClCompile Include="kxf\Core\MouseState.cpp">
      <Filter>kxf\Core</Filter>
    </ClCompile>
    <ClCompile Include="kxf\Application\Private\Win32CommonEventLoop.cpp">
      <Filter>kxf\Application\Private</Filter>
    </ClCompile>
    <ClCompile Include="kxf\Application\Private\Win32ConsoleEventLoop.cpp">
      <Filter>kxf\Application\Private</Filter>
    </ClCompile>
    <ClCompile Include="kxf\Application\Private\CommonEventLoop.cpp">
      <Filter>kxf\Application\Private</Filter>
    </ClCompile>
    <ClCompile Include="kxf\Application\IEventLoop.cpp">
      <Filter>kxf\Application</Filter>
    </ClCompile>
    <ClCompile Include="kxf\DateTime\DateSpan.cpp">
      <Filter>kxf\DateTime</Filter>
    </ClCompile>
    <ClCompile Include="kxf\DateTime\DateTime.cpp">
      <Filter>kxf\DateTime</Filter>
    </ClCompile>
    <ClCompile Include="kxf\DateTime\TimeClock.cpp">
      <Filter>kxf\DateTime</Filter>
    </ClCompile>
    <ClCompile Include="kxf\DateTime\TimeSpan.cpp">
      <Filter>kxf\DateTime</Filter>
    </ClCompile>
    <ClCompile Include="kxf\DateTime\TimeZone.cpp">
      <Filter>kxf\DateTime</Filter>
    </ClCompile>
    <ClCompile Include="kxf\EventSystem\BasicEvent.cpp">
      <Filter>kxf\EventSystem\&lt;Events&gt;</Filter>
    </ClCompile>
    <ClCompile Include="kxf\DateTime\SimpleTimer.cpp">
      <Filter>kxf\DateTime</Filter>
    </ClCompile>
    <ClCompile Include="kxf\System\SystemWindow\AnonymousSystemWindow.cpp">
      <Filter>kxf\System\SystemWindow</Filter>
    </ClCompile>
    <ClCompile Include="kxf\wxWidgets\MapDrawing.cpp">
      <Filter>kxf\wxWidgets</Filter>
    </ClCompile>
    <ClCompile Include="kxf\wxWidgets\MapCore.cpp">
      <Filter>kxf\wxWidgets</Filter>
    </ClCompile>
    <ClCompile Include="kxf\Drawing\GDIRenderer\GDIBitmap.cpp">
      <Filter>kxf\Drawing\GDIRenderer</Filter>
    </ClCompile>
    <ClCompile Include="kxf\Drawing\GDIRenderer\GDICursor.cpp">
      <Filter>kxf\Drawing\GDIRenderer</Filter>
    </ClCompile>
    <ClCompile Include="kxf\Drawing\GDIRenderer\GDIFont.cpp">
      <Filter>kxf\Drawing\GDIRenderer</Filter>
    </ClCompile>
    <ClCompile Include="kxf\Drawing\GDIRenderer\GDIIcon.cpp">
      <Filter>kxf\Drawing\GDIRenderer</Filter>
    </ClCompile>
    <ClCompile Include="kxf\wxWidgets\Setup.cpp">
      <Filter>kxf\wxWidgets</Filter>
    </ClCompile>
    <ClCompile Include="kxf\wxWidgets\SystemOptions.cpp">
      <Filter>kxf\wxWidgets</Filter>
    </ClCompile>
    <ClCompile Include="kxf\wxWidgets\MapIO.cpp">
      <Filter>kxf\wxWidgets</Filter>
    </ClCompile>
    <ClCompile Include="kxf\wxWidgets\MapEventSystem.cpp">
      <Filter>kxf\wxWidgets</Filter>
    </ClCompile>
    <ClCompile Include="kxf\EventSystem\IdleEvent.cpp">
      <Filter>kxf\EventSystem\&lt;Events&gt;</Filter>
    </ClCompile>
  </ItemGroup>
  <ItemGroup>
    <None Include="kxf\System\Private\ErrorCodeNtStatus.i">
      <Filter>kxf\System\Private</Filter>
    </None>
  </ItemGroup>
  <ItemGroup>
    <Natvis Include="kxf\Drawing\Color.natvis">
      <Filter>kxf\Drawing</Filter>
    </Natvis>
  </ItemGroup>
  <ItemGroup>
    <ResourceCompile Include="kxf\+Resources\kxf-resources.rc">
      <Filter>kxf/+Resources</Filter>
    </ResourceCompile>
  </ItemGroup>
  <ItemGroup>
    <Manifest Include="kxf\+Resources\Compatibility.manifest">
      <Filter>kxf/+Resources</Filter>
    </Manifest>
  </ItemGroup>
  <ItemGroup>
    <Text Include="kxf\+Resources\SoftwareLicenseDB\GNU_GPLv3.txt">
      <Filter>kxf/+Resources\SoftwareLicenseDB</Filter>
    </Text>
    <Text Include="kxf\+Resources\SoftwareLicenseDB\GNU_LGPLv3.txt">
      <Filter>kxf/+Resources\SoftwareLicenseDB</Filter>
    </Text>
  </ItemGroup>
</Project>